{
  "version": 4,
  "terraform_version": "1.15.7",
  "serial": 43,
  "lineage": "bf5402d2-9ab5-238b-7a6d-fbcf94243789",
  "outputs": {
    "instance_ids": {
      "value": {
        "k8s_master": "i-0bb7bc82f53b27926",
        "k8s_worker01": "i-0e8582246cbda25b1",
        "k8s_worker02": "i-0f2c40bb9ec09255f",
        "sonarqube": "i-07a86d84f676995e0"
      },
      "type": [
        "object",
        {
          "k8s_master": "string",
          "k8s_worker01": "string",
          "k8s_worker02": "string",
          "sonarqube": "string"
        }
      ]
    },
    "public_ips": {
      "value": {
        "k8s_master": "100.59.8.20",
        "k8s_worker01": "18.207.182.180",
        "k8s_worker02": "18.214.40.175",
        "sonarqube": "44.211.48.77"
      },
      "type": [
        "object",
        {
          "k8s_master": "string",
          "k8s_worker01": "string",
          "k8s_worker02": "string",
          "sonarqube": "string"
        }
      ]
    }
  },
  "resources": [
    {
      "mode": "data",
      "type": "aws_ami",
      "name": "amazon_linux",
      "provider": "provider[\"registry.terraform.io/hashicorp/aws\"]",
      "instances": [
        {
          "schema_version": 0,
          "attributes": {
            "allow_unsafe_filter": null,
            "architecture": "x86_64",
            "arn": "arn:aws:ec2:us-east-1::image/ami-04af95eabef94f395",
            "block_device_mappings": [
              {
                "device_name": "/dev/xvda",
                "ebs": {
                  "delete_on_termination": "true",
                  "encrypted": "false",
                  "iops": "3000",
                  "snapshot_id": "snap-02c8ed16518d20339",
                  "throughput": "125",
                  "volume_initialization_rate": "0",
                  "volume_size": "30",
                  "volume_type": "gp3"
                },
                "no_device": "",
                "virtual_name": ""
              }
            ],
            "boot_mode": "uefi-preferred",
            "creation_date": "2026-07-07T22:08:54.000Z",
            "deprecation_time": "2028-07-07T22:08:54.000Z",
            "description": "Amazon Linux AMI 2023.0.20260707 x86_64 ECS HVM EBS",
            "ena_support": true,
            "executable_users": null,
            "filter": [
              {
                "name": "name",
                "values": [
                  "al2023-ami-*-x86_64"
                ]
              }
            ],
            "hypervisor": "xen",
            "id": "ami-04af95eabef94f395",
            "image_id": "ami-04af95eabef94f395",
            "image_location": "amazon/al2023-ami-ecs-neuron-hvm-2023.0.20260707-kernel-6.1-x86_64",
            "image_owner_alias": "amazon",
            "image_type": "machine",
            "imds_support": "v2.0",
            "include_deprecated": false,
            "kernel_id": "",
            "last_launched_time": "",
            "most_recent": true,
            "name": "al2023-ami-ecs-neuron-hvm-2023.0.20260707-kernel-6.1-x86_64",
            "name_regex": null,
            "owner_id": "591542846629",
            "owners": [
              "amazon"
            ],
            "platform": "",
            "platform_details": "Linux/UNIX",
            "product_codes": [],
            "public": true,
            "ramdisk_id": "",
            "region": "us-east-1",
            "root_device_name": "/dev/xvda",
            "root_device_type": "ebs",
            "root_snapshot_id": "snap-02c8ed16518d20339",
            "sriov_net_support": "simple",
            "state": "available",
            "state_reason": {
              "code": "UNSET",
              "message": "UNSET"
            },
            "tags": {},
            "timeouts": null,
            "tpm_support": "",
            "uefi_data": null,
            "usage_operation": "RunInstances",
            "virtualization_type": "hvm"
          },
          "sensitive_attributes": [],
          "identity_schema_version": 0
        }
      ]
    },
    {
      "mode": "managed",
      "type": "aws_key_pair",
      "name": "public_key_pair",
      "provider": "provider[\"registry.terraform.io/hashicorp/aws\"]",
      "instances": [
        {
          "schema_version": 1,
          "attributes": {
            "arn": "arn:aws:ec2:us-east-1:018177188454:key-pair/public_key_pair",
            "fingerprint": "a9:c7:2d:34:5b:7e:cd:64:fb:b6:e0:b9:8f:84:dd:36",
            "id": "public_key_pair",
            "key_name": "public_key_pair",
            "key_name_prefix": "",
            "key_pair_id": "key-0b166d8e6fd59c6b3",
            "key_type": "rsa",
            "public_key": "ssh-rsa AAAAB3NzaC1yc2EAAAADAQABAAABAQC8JsVhEj99rGtzzY4H2F5/q5py597BUbZemeUmdCm9lftH51EdIIpZmihgdtg+Y8v1QpMZz87P55hf0GVwEY/Cl8vW6PYClj4zAH22+eYyykBbLxvgMRsBaXgmgXUorbPSQEyUj3E6HKKgQVpKCrC2lzvQsOOZ074V9qd5DML2zXTWFmTCLrpo7LYAKsumbhKofkdPCKyr2fpqRaRR1YfyjRh27p44+/C6UyuTgVDyGYV4df+W/hItxcxp1sUrefReFzNb9olJEVMO9sQf3sYXLGQdlzlEzkfuAv/Rx7a/hLeIiOlTINzf7w3vpM7MmsPf6BllthvW7vj+y8J/No17",
            "region": "us-east-1",
            "tags": null,
            "tags_all": {}
          },
          "sensitive_attributes": [],
          "identity_schema_version": 0,
          "private": "eyJzY2hlbWFfdmVyc2lvbiI6IjEifQ==",
          "dependencies": [
            "tls_private_key.rsa_private_key"
          ]
        }
      ]
    },
    {
      "mode": "managed",
      "type": "local_file",
      "name": "private_key_file",
      "provider": "provider[\"registry.terraform.io/hashicorp/local\"]",
      "instances": [
        {
          "schema_version": 0,
          "attributes": {
            "content": "-----BEGIN RSA PRIVATE KEY-----\nMIIEogIBAAKCAQEAvCbFYRI/faxrc82OB9hef6uacufewVG2XpnlJnQpvZX7R+dR\nHSCKWZooYHbYPmPL9UKTGc/Oz+eYX9BlcBGPwpfL1uj2ApY+MwB9tvnmMspAWy8b\n4DEbAWl4JoF1KK2z0kBMlI9xOhyioEFaSgqwtpc70LDjmdO+FfaneQzC9s101hZk\nwi66aOy2ACrLpm4SqH5HTwisq9n6akWkUdWH8o0Ydu6eOPvwulMrk4FQ8hmFeHX/\nlv4SLcXMadbFK3n0XhczW/aJSRFTDvbEH97GFyxkHZc5RM5H7gL/0ce2v4S3iIjp\nUyDc3+8N76TOzJrD3+gZZbYb1u74/svCfzaNewIDAQABAoIBAELh41sA0hn57w5w\nvPLT+q+WkCYVf40n31ScjyUOuQHALV1fgGmCtjtovb6gsHjpH8j02/aadNFZ6cPx\ngAWI8JoDPL4N/Nlpj/2wSIABME/QrnTbd6THv+pOFBxX+440xQ3Rtoc+wEiggjzG\nTnKwfyXA983U+2skplcHYXv5ydpSDIW1dDHTPYvl4/woY/UUAHTpPnuDavIjSwRw\nRPwKJUtkoQM0KfGf018tF0JJa8Avr5z2zvOU58/iE/6rNzRt6l48dgPNWdYbOL++\nPtgrnUTTJ7m2CA9kVmz4lpF5RJJ1NTtuW9vXIgvlG+2t+yfJs+PgeoOcE+jVUv61\nko6LbxECgYEAw1ux0fQqj47aI9yujNRQCCxnT4bkrLXDRpVGJt+K2+nT825+aR1D\nt1LhMQgb4czdCUahmgNu52Z4RRlehOhyDGIzmUCjeSd7GLt/NkMRDHmx1ivIRguY\nMMMG/bYVgqM0D0LSHRFcL8pCnXWuO6hcz4gK6gBG0lNqNLGtUCJ/G4sCgYEA9o5j\nH75kFZZIkivJ6ayyDcsV+BYvGr2Fdk2mz7uE+vMU6E+SfD2u1wFMqsGhHSEqZlpR\nlPNBrlEFWDrvVnfzla0lN/wtojuhLJtgq0fHoIA/2hTuYtC5w/fvlyos9WrLN/GL\nZme+3UJXXFeA3WUv7ksDmmSZOynTXxPpHurpU9ECgYB9DdVmcMZN30QEcN/Lhp00\nnjgD0HXRmQjHxgaCG9bnr2beDX0eDH2sfIFqwaYXhOx5Y51O2aPEvPOASB0ZNzLK\nepJNJ/N9OqixzFRCh+wB8GTGlIA/Vmy1yiJPhp9+YLqSilO2B8bbUL4TzaEaz0ua\nDZvu7v5m5L63vIUVJv/2wQKBgGMcv/odxgvresbPtX4q/vSOhAlTmaHtN75j3r+5\nCO78UpZEjoVFIoiprBEkf0i/cVTtz8fJtciGJ1jdcCLZW2D61nBX/lwuDk9pMoYH\n99asV36qVV4Bu/tsKrMgsCwDvyeBAOGsqMw3A/lJ77KQH6FyJEOnVvWyjZa14Uud\ncShRAoGAQoWdLF6i6U2vmE0sghRv6OqRz6UvNL5qSWug1FTzkIHYPi4CbCKYWkAZ\n+Hdn/qXS6uty/jhjHxLwbiM+i775Xkgvao+ZaddwhNTh3uhkfCFhjStC0bluGh8w\nmZzeYUrs9QehSIPhzdm+1dzys4aAfu/HcBc+ZvHpCvME0s2ch4w=\n-----END RSA PRIVATE KEY-----\n",
            "content_base64": null,
            "content_base64sha256": "1x+RDX/QMMaiRXrDyxoVGtike1jz/AD4RszHnTl7+5o=",
            "content_base64sha512": "/yEGStRgPL/XxjXNzAvoUu5vF/bP7ESQwjzi2TEbjy+J9cZkkuzQ7IfEigbZCqJspgKJMRBOvd3eS6X2yWKwjQ==",
            "content_md5": "1958b2b39fe7e771538414397a43f191",
            "content_sha1": "b267a0d1d63c816bbdc87c11fb2c68dd6cbe9955",
            "content_sha256": "d71f910d7fd030c6a2457ac3cb1a151ad8a47b58f3fc00f846ccc79d397bfb9a",
            "content_sha512": "ff21064ad4603cbfd7c635cdcc0be852ee6f17f6cfec4490c23ce2d9311b8f2f89f5c66492ecd0ec87c48a06d90aa26ca6028931104ebdddde4ba5f6c962b08d",
            "directory_permission": "0777",
            "file_permission": "0400",
            "filename": "./generated/private_key.pem",
            "id": "b267a0d1d63c816bbdc87c11fb2c68dd6cbe9955",
            "sensitive_content": null,
            "source": null
          },
          "sensitive_attributes": [
            [
              {
                "type": "get_attr",
                "value": "content"
              }
            ],
            [
              {
                "type": "get_attr",
                "value": "sensitive_content"
              }
            ]
          ],
          "identity_schema_version": 0,
          "dependencies": [
            "tls_private_key.rsa_private_key"
          ]
        }
      ]
    },
    {
      "mode": "managed",
      "type": "tls_private_key",
      "name": "rsa_private_key",
      "provider": "provider[\"registry.terraform.io/hashicorp/tls\"]",
      "instances": [
        {
          "schema_version": 1,
          "attributes": {
            "algorithm": "RSA",
            "ecdsa_curve": "P224",
            "id": "929f3d7f926907dbacdfd70640f55ab390f619ec",
            "private_key_openssh": "-----BEGIN OPENSSH PRIVATE KEY-----\nb3BlbnNzaC1rZXktdjEAAAAABG5vbmUAAAAEbm9uZQAAAAAAAAABAAABFwAAAAdz\nc2gtcnNhAAAAAwEAAQAAAQEAvCbFYRI/faxrc82OB9hef6uacufewVG2XpnlJnQp\nvZX7R+dRHSCKWZooYHbYPmPL9UKTGc/Oz+eYX9BlcBGPwpfL1uj2ApY+MwB9tvnm\nMspAWy8b4DEbAWl4JoF1KK2z0kBMlI9xOhyioEFaSgqwtpc70LDjmdO+FfaneQzC\n9s101hZkwi66aOy2ACrLpm4SqH5HTwisq9n6akWkUdWH8o0Ydu6eOPvwulMrk4FQ\n8hmFeHX/lv4SLcXMadbFK3n0XhczW/aJSRFTDvbEH97GFyxkHZc5RM5H7gL/0ce2\nv4S3iIjpUyDc3+8N76TOzJrD3+gZZbYb1u74/svCfzaNewAAA7hlitBlZYrQZQAA\nAAdzc2gtcnNhAAABAQC8JsVhEj99rGtzzY4H2F5/q5py597BUbZemeUmdCm9lftH\n51EdIIpZmihgdtg+Y8v1QpMZz87P55hf0GVwEY/Cl8vW6PYClj4zAH22+eYyykBb\nLxvgMRsBaXgmgXUorbPSQEyUj3E6HKKgQVpKCrC2lzvQsOOZ074V9qd5DML2zXTW\nFmTCLrpo7LYAKsumbhKofkdPCKyr2fpqRaRR1YfyjRh27p44+/C6UyuTgVDyGYV4\ndf+W/hItxcxp1sUrefReFzNb9olJEVMO9sQf3sYXLGQdlzlEzkfuAv/Rx7a/hLeI\niOlTINzf7w3vpM7MmsPf6BllthvW7vj+y8J/No17AAAAAwEAAQAAAQBC4eNbANIZ\n+e8OcLzy0/qvlpAmFX+NJ99UnI8lDrkBwC1dX4BpgrY7aL2+oLB46R/I9Nv2mnTR\nWenD8YAFiPCaAzy+DfzZaY/9sEiAATBP0K5023ekx7/qThQcV/uONMUN0baHPsBI\noII8xk5ysH8lwPfN1PtrJKZXB2F7+cnaUgyFtXQx0z2L5eP8KGP1FAB06T57g2ry\nI0sEcET8CiVLZKEDNCnxn9NfLRdCSWvAL6+c9s7zlOfP4hP+qzc0bepePHYDzVnW\nGzi/vj7YK51E0ye5tggPZFZs+JaReUSSdTU7blvb1yIL5RvtrfsnybPj4HqDnBPo\n1VL+tZKOi28RAAAAgEKFnSxeoulNr5hNLIIUb+jqkc+lLzS+aklroNRU85CB2D4u\nAmwimFpAGfh3Z/6l0urrcv44Yx8S8G4jPou++V5IL2qPmWnXcITU4d7oZHwhYY0r\nQtG5bhofMJmc3mFK7PUHoUiD4c3ZvtXc8rOGgH7vx3AXPmbx6QrzBNLNnIeMAAAA\ngQDDW7HR9CqPjtoj3K6M1FAILGdPhuSstcNGlUYm34rb6dPzbn5pHUO3UuExCBvh\nzN0JRqGaA27nZnhFGV6E6HIMYjOZQKN5J3sYu382QxEMebHWK8hGC5gwwwb9thWC\nozQPQtIdEVwvykKdda47qFzPiArqAEbSU2o0sa1QIn8biwAAAIEA9o5jH75kFZZI\nkivJ6ayyDcsV+BYvGr2Fdk2mz7uE+vMU6E+SfD2u1wFMqsGhHSEqZlpRlPNBrlEF\nWDrvVnfzla0lN/wtojuhLJtgq0fHoIA/2hTuYtC5w/fvlyos9WrLN/GLZme+3UJX\nXFeA3WUv7ksDmmSZOynTXxPpHurpU9EAAAAAAQID\n-----END OPENSSH PRIVATE KEY-----\n",
            "private_key_pem": "-----BEGIN RSA PRIVATE KEY-----\nMIIEogIBAAKCAQEAvCbFYRI/faxrc82OB9hef6uacufewVG2XpnlJnQpvZX7R+dR\nHSCKWZooYHbYPmPL9UKTGc/Oz+eYX9BlcBGPwpfL1uj2ApY+MwB9tvnmMspAWy8b\n4DEbAWl4JoF1KK2z0kBMlI9xOhyioEFaSgqwtpc70LDjmdO+FfaneQzC9s101hZk\nwi66aOy2ACrLpm4SqH5HTwisq9n6akWkUdWH8o0Ydu6eOPvwulMrk4FQ8hmFeHX/\nlv4SLcXMadbFK3n0XhczW/aJSRFTDvbEH97GFyxkHZc5RM5H7gL/0ce2v4S3iIjp\nUyDc3+8N76TOzJrD3+gZZbYb1u74/svCfzaNewIDAQABAoIBAELh41sA0hn57w5w\nvPLT+q+WkCYVf40n31ScjyUOuQHALV1fgGmCtjtovb6gsHjpH8j02/aadNFZ6cPx\ngAWI8JoDPL4N/Nlpj/2wSIABME/QrnTbd6THv+pOFBxX+440xQ3Rtoc+wEiggjzG\nTnKwfyXA983U+2skplcHYXv5ydpSDIW1dDHTPYvl4/woY/UUAHTpPnuDavIjSwRw\nRPwKJUtkoQM0KfGf018tF0JJa8Avr5z2zvOU58/iE/6rNzRt6l48dgPNWdYbOL++\nPtgrnUTTJ7m2CA9kVmz4lpF5RJJ1NTtuW9vXIgvlG+2t+yfJs+PgeoOcE+jVUv61\nko6LbxECgYEAw1ux0fQqj47aI9yujNRQCCxnT4bkrLXDRpVGJt+K2+nT825+aR1D\nt1LhMQgb4czdCUahmgNu52Z4RRlehOhyDGIzmUCjeSd7GLt/NkMRDHmx1ivIRguY\nMMMG/bYVgqM0D0LSHRFcL8pCnXWuO6hcz4gK6gBG0lNqNLGtUCJ/G4sCgYEA9o5j\nH75kFZZIkivJ6ayyDcsV+BYvGr2Fdk2mz7uE+vMU6E+SfD2u1wFMqsGhHSEqZlpR\nlPNBrlEFWDrvVnfzla0lN/wtojuhLJtgq0fHoIA/2hTuYtC5w/fvlyos9WrLN/GL\nZme+3UJXXFeA3WUv7ksDmmSZOynTXxPpHurpU9ECgYB9DdVmcMZN30QEcN/Lhp00\nnjgD0HXRmQjHxgaCG9bnr2beDX0eDH2sfIFqwaYXhOx5Y51O2aPEvPOASB0ZNzLK\nepJNJ/N9OqixzFRCh+wB8GTGlIA/Vmy1yiJPhp9+YLqSilO2B8bbUL4TzaEaz0ua\nDZvu7v5m5L63vIUVJv/2wQKBgGMcv/odxgvresbPtX4q/vSOhAlTmaHtN75j3r+5\nCO78UpZEjoVFIoiprBEkf0i/cVTtz8fJtciGJ1jdcCLZW2D61nBX/lwuDk9pMoYH\n99asV36qVV4Bu/tsKrMgsCwDvyeBAOGsqMw3A/lJ77KQH6FyJEOnVvWyjZa14Uud\ncShRAoGAQoWdLF6i6U2vmE0sghRv6OqRz6UvNL5qSWug1FTzkIHYPi4CbCKYWkAZ\n+Hdn/qXS6uty/jhjHxLwbiM+i775Xkgvao+ZaddwhNTh3uhkfCFhjStC0bluGh8w\nmZzeYUrs9QehSIPhzdm+1dzys4aAfu/HcBc+ZvHpCvME0s2ch4w=\n-----END RSA PRIVATE KEY-----\n",
            "private_key_pem_pkcs8": "-----BEGIN PRIVATE KEY-----\nMIIEvAIBADANBgkqhkiG9w0BAQEFAASCBKYwggSiAgEAAoIBAQC8JsVhEj99rGtz\nzY4H2F5/q5py597BUbZemeUmdCm9lftH51EdIIpZmihgdtg+Y8v1QpMZz87P55hf\n0GVwEY/Cl8vW6PYClj4zAH22+eYyykBbLxvgMRsBaXgmgXUorbPSQEyUj3E6HKKg\nQVpKCrC2lzvQsOOZ074V9qd5DML2zXTWFmTCLrpo7LYAKsumbhKofkdPCKyr2fpq\nRaRR1YfyjRh27p44+/C6UyuTgVDyGYV4df+W/hItxcxp1sUrefReFzNb9olJEVMO\n9sQf3sYXLGQdlzlEzkfuAv/Rx7a/hLeIiOlTINzf7w3vpM7MmsPf6BllthvW7vj+\ny8J/No17AgMBAAECggEAQuHjWwDSGfnvDnC88tP6r5aQJhV/jSffVJyPJQ65AcAt\nXV+AaYK2O2i9vqCweOkfyPTb9pp00Vnpw/GABYjwmgM8vg382WmP/bBIgAEwT9Cu\ndNt3pMe/6k4UHFf7jjTFDdG2hz7ASKCCPMZOcrB/JcD3zdT7aySmVwdhe/nJ2lIM\nhbV0MdM9i+Xj/Chj9RQAdOk+e4Nq8iNLBHBE/AolS2ShAzQp8Z/TXy0XQklrwC+v\nnPbO85Tnz+IT/qs3NG3qXjx2A81Z1hs4v74+2CudRNMnubYID2RWbPiWkXlEknU1\nO25b29ciC+Ub7a37J8mz4+B6g5wT6NVS/rWSjotvEQKBgQDDW7HR9CqPjtoj3K6M\n1FAILGdPhuSstcNGlUYm34rb6dPzbn5pHUO3UuExCBvhzN0JRqGaA27nZnhFGV6E\n6HIMYjOZQKN5J3sYu382QxEMebHWK8hGC5gwwwb9thWCozQPQtIdEVwvykKdda47\nqFzPiArqAEbSU2o0sa1QIn8biwKBgQD2jmMfvmQVlkiSK8nprLINyxX4Fi8avYV2\nTabPu4T68xToT5J8Pa7XAUyqwaEdISpmWlGU80GuUQVYOu9Wd/OVrSU3/C2iO6Es\nm2CrR8eggD/aFO5i0LnD9++XKiz1ass38YtmZ77dQldcV4DdZS/uSwOaZJk7KdNf\nE+ke6ulT0QKBgH0N1WZwxk3fRARw38uGnTSeOAPQddGZCMfGBoIb1uevZt4NfR4M\nfax8gWrBpheE7HljnU7Zo8S884BIHRk3Msp6kk0n8306qLHMVEKH7AHwZMaUgD9W\nbLXKIk+Gn35gupKKU7YHxttQvhPNoRrPS5oNm+7u/mbkvre8hRUm//bBAoGAYxy/\n+h3GC+t6xs+1fir+9I6ECVOZoe03vmPev7kI7vxSlkSOhUUiiKmsESR/SL9xVO3P\nx8m1yIYnWN1wItlbYPrWcFf+XC4OT2kyhgf31qxXfqpVXgG7+2wqsyCwLAO/J4EA\n4ayozDcD+UnvspAfoXIkQ6dW9bKNlrXhS51xKFECgYBChZ0sXqLpTa+YTSyCFG/o\n6pHPpS80vmpJa6DUVPOQgdg+LgJsIphaQBn4d2f+pdLq63L+OGMfEvBuIz6Lvvle\nSC9qj5lp13CE1OHe6GR8IWGNK0LRuW4aHzCZnN5hSuz1B6FIg+HN2b7V3PKzhoB+\n78dwFz5m8ekK8wTSzZyHjA==\n-----END PRIVATE KEY-----\n",
            "public_key_fingerprint_md5": "07:25:d3:9f:0a:56:33:ad:80:04:92:e8:b3:af:cf:31",
            "public_key_fingerprint_sha256": "SHA256:z0NSn4BKo9GE1FKttvrD3lL/NpNbY9qcp5U+R37dr4E",
            "public_key_openssh": "ssh-rsa AAAAB3NzaC1yc2EAAAADAQABAAABAQC8JsVhEj99rGtzzY4H2F5/q5py597BUbZemeUmdCm9lftH51EdIIpZmihgdtg+Y8v1QpMZz87P55hf0GVwEY/Cl8vW6PYClj4zAH22+eYyykBbLxvgMRsBaXgmgXUorbPSQEyUj3E6HKKgQVpKCrC2lzvQsOOZ074V9qd5DML2zXTWFmTCLrpo7LYAKsumbhKofkdPCKyr2fpqRaRR1YfyjRh27p44+/C6UyuTgVDyGYV4df+W/hItxcxp1sUrefReFzNb9olJEVMO9sQf3sYXLGQdlzlEzkfuAv/Rx7a/hLeIiOlTINzf7w3vpM7MmsPf6BllthvW7vj+y8J/No17\n",
            "public_key_pem": "-----BEGIN PUBLIC KEY-----\nMIIBIjANBgkqhkiG9w0BAQEFAAOCAQ8AMIIBCgKCAQEAvCbFYRI/faxrc82OB9he\nf6uacufewVG2XpnlJnQpvZX7R+dRHSCKWZooYHbYPmPL9UKTGc/Oz+eYX9BlcBGP\nwpfL1uj2ApY+MwB9tvnmMspAWy8b4DEbAWl4JoF1KK2z0kBMlI9xOhyioEFaSgqw\ntpc70LDjmdO+FfaneQzC9s101hZkwi66aOy2ACrLpm4SqH5HTwisq9n6akWkUdWH\n8o0Ydu6eOPvwulMrk4FQ8hmFeHX/lv4SLcXMadbFK3n0XhczW/aJSRFTDvbEH97G\nFyxkHZc5RM5H7gL/0ce2v4S3iIjpUyDc3+8N76TOzJrD3+gZZbYb1u74/svCfzaN\newIDAQAB\n-----END PUBLIC KEY-----\n",
            "rsa_bits": 2048
          },
          "sensitive_attributes": [
            [
              {
                "type": "get_attr",
                "value": "private_key_openssh"
              }
            ],
            [
              {
                "type": "get_attr",
                "value": "private_key_pem"
              }
            ],
            [
              {
                "type": "get_attr",
                "value": "private_key_pem_pkcs8"
              }
            ]
          ],
          "identity_schema_version": 0
        }
      ]
    },
    {
      "module": "module.igw",
      "mode": "managed",
      "type": "aws_internet_gateway",
      "name": "this",
      "provider": "provider[\"registry.terraform.io/hashicorp/aws\"]",
      "instances": [
        {
          "schema_version": 0,
          "attributes": {
            "arn": "arn:aws:ec2:us-east-1:018177188454:internet-gateway/igw-0f9b58ea96b5dd164",
            "id": "igw-0f9b58ea96b5dd164",
            "owner_id": "018177188454",
            "region": "us-east-1",
            "tags": {
              "Name": "gateway"
            },
            "tags_all": {
              "Name": "gateway"
            },
            "timeouts": null,
            "vpc_id": "vpc-002e673e705538999"
          },
          "sensitive_attributes": [],
          "identity_schema_version": 0,
          "identity": {
            "account_id": "018177188454",
            "id": "igw-0f9b58ea96b5dd164",
            "region": "us-east-1"
          },
          "private": "eyJlMmJmYjczMC1lY2FhLTExZTYtOGY4OC0zNDM2M2JjN2M0YzAiOnsiY3JlYXRlIjoxMjAwMDAwMDAwMDAwLCJkZWxldGUiOjEyMDAwMDAwMDAwMDAsInVwZGF0ZSI6MTIwMDAwMDAwMDAwMH19",
          "dependencies": [
            "module.vpc.aws_vpc.this"
          ]
        }
      ]
    },
    {
      "module": "module.k8s_master",
      "mode": "managed",
      "type": "aws_instance",
      "name": "this",
      "provider": "provider[\"registry.terraform.io/hashicorp/aws\"]",
      "instances": [
        {
          "schema_version": 2,
          "attributes": {
            "ami": "ami-04af95eabef94f395",
            "arn": "arn:aws:ec2:us-east-1:018177188454:instance/i-0bb7bc82f53b27926",
            "associate_public_ip_address": true,
            "availability_zone": "us-east-1a",
            "capacity_reservation_specification": [
              {
                "capacity_reservation_preference": "open",
                "capacity_reservation_target": []
              }
            ],
            "cpu_options": [
              {
                "amd_sev_snp": "",
                "core_count": 1,
                "nested_virtualization": "",
                "threads_per_core": 2
              }
            ],
            "credit_specification": [],
            "disable_api_stop": false,
            "disable_api_termination": false,
            "ebs_block_device": [],
            "ebs_optimized": false,
            "enable_primary_ipv6": null,
            "enclave_options": [
              {
                "enabled": false
              }
            ],
            "ephemeral_block_device": [],
            "force_destroy": false,
            "get_password_data": false,
            "hibernation": false,
            "host_id": "",
            "host_resource_group_arn": null,
            "iam_instance_profile": "",
            "id": "i-0bb7bc82f53b27926",
            "instance_initiated_shutdown_behavior": "stop",
            "instance_lifecycle": "",
            "instance_market_options": [],
            "instance_state": "running",
            "instance_type": "c7i-flex.large",
            "ipv6_address_count": 0,
            "ipv6_addresses": [],
            "key_name": "public_key_pair",
            "launch_template": [],
            "maintenance_options": [
              {
                "auto_recovery": "default"
              }
            ],
            "metadata_options": [
              {
                "http_endpoint": "enabled",
                "http_protocol_ipv6": "disabled",
                "http_put_response_hop_limit": 2,
                "http_tokens": "required",
                "instance_metadata_tags": "disabled"
              }
            ],
            "monitoring": false,
            "network_interface": [],
            "outpost_arn": "",
            "password_data": "",
            "placement_group": "",
            "placement_group_id": "",
            "placement_partition_number": 0,
            "primary_network_interface": [
              {
                "delete_on_termination": true,
                "network_interface_id": "eni-0d44529ac88a2c230"
              }
            ],
            "primary_network_interface_id": "eni-0d44529ac88a2c230",
            "private_dns": "ip-10-0-1-222.ec2.internal",
            "private_dns_name_options": [
              {
                "enable_resource_name_dns_a_record": false,
                "enable_resource_name_dns_aaaa_record": false,
                "hostname_type": "ip-name"
              }
            ],
            "private_ip": "10.0.1.222",
            "public_dns": "",
            "public_ip": "100.59.8.20",
            "region": "us-east-1",
            "root_block_device": [
              {
                "delete_on_termination": true,
                "device_name": "/dev/xvda",
                "encrypted": false,
                "iops": 3000,
                "kms_key_id": "",
                "tags": null,
                "tags_all": {},
                "throughput": 125,
                "volume_id": "vol-010b65d5b45940c77",
                "volume_size": 30,
                "volume_type": "gp3"
              }
            ],
            "secondary_network_interface": [],
            "secondary_private_ips": [],
            "security_groups": [],
            "source_dest_check": true,
            "spot_instance_request_id": "",
            "subnet_id": "subnet-0d5c30fb7993959c8",
            "tags": {
              "Name": "k8s-master",
              "Role": "k8s_control_plane"
            },
            "tags_all": {
              "Name": "k8s-master",
              "Role": "k8s_control_plane"
            },
            "tenancy": "default",
            "timeouts": null,
            "user_data": "#!/bin/bash\nset -euxo pipefail\n\n# Update packages\ndnf update -y\n\n# Install Python 3 and pip\ndnf install -y python3 python3-pip\n\n# Verify installation\npython3 --version\npip3 --version",
            "user_data_base64": null,
            "user_data_replace_on_change": false,
            "volume_tags": null,
            "vpc_security_group_ids": [
              "sg-09012ca0749221fcc"
            ]
          },
          "sensitive_attributes": [],
          "identity_schema_version": 0,
          "identity": {
            "account_id": "018177188454",
            "id": "i-0bb7bc82f53b27926",
            "region": "us-east-1"
          },
          "private": "eyJlMmJmYjczMC1lY2FhLTExZTYtOGY4OC0zNDM2M2JjN2M0YzAiOnsiY3JlYXRlIjo2MDAwMDAwMDAwMDAsImRlbGV0ZSI6MTIwMDAwMDAwMDAwMCwicmVhZCI6OTAwMDAwMDAwMDAwLCJ1cGRhdGUiOjYwMDAwMDAwMDAwMH0sInNjaGVtYV92ZXJzaW9uIjoiMiJ9",
          "dependencies": [
            "aws_key_pair.public_key_pair",
            "data.aws_ami.amazon_linux",
            "module.security_group.aws_security_group.this",
            "module.subnet.aws_subnet.this",
            "module.vpc.aws_vpc.this",
            "tls_private_key.rsa_private_key"
          ]
        }
      ]
    },
    {
      "module": "module.k8s_worker01",
      "mode": "managed",
      "type": "aws_instance",
      "name": "this",
      "provider": "provider[\"registry.terraform.io/hashicorp/aws\"]",
      "instances": [
        {
          "schema_version": 2,
          "attributes": {
            "ami": "ami-04af95eabef94f395",
            "arn": "arn:aws:ec2:us-east-1:018177188454:instance/i-0e8582246cbda25b1",
            "associate_public_ip_address": true,
            "availability_zone": "us-east-1a",
            "capacity_reservation_specification": [
              {
                "capacity_reservation_preference": "open",
                "capacity_reservation_target": []
              }
            ],
            "cpu_options": [
              {
                "amd_sev_snp": "",
                "core_count": 1,
                "nested_virtualization": "",
                "threads_per_core": 2
              }
            ],
            "credit_specification": [],
            "disable_api_stop": false,
            "disable_api_termination": false,
            "ebs_block_device": [],
            "ebs_optimized": false,
            "enable_primary_ipv6": null,
            "enclave_options": [
              {
                "enabled": false
              }
            ],
            "ephemeral_block_device": [],
            "force_destroy": false,
            "get_password_data": false,
            "hibernation": false,
            "host_id": "",
            "host_resource_group_arn": null,
            "iam_instance_profile": "",
            "id": "i-0e8582246cbda25b1",
            "instance_initiated_shutdown_behavior": "stop",
            "instance_lifecycle": "",
            "instance_market_options": [],
            "instance_state": "running",
            "instance_type": "c7i-flex.large",
            "ipv6_address_count": 0,
            "ipv6_addresses": [],
            "key_name": "public_key_pair",
            "launch_template": [],
            "maintenance_options": [
              {
                "auto_recovery": "default"
              }
            ],
            "metadata_options": [
              {
                "http_endpoint": "enabled",
                "http_protocol_ipv6": "disabled",
                "http_put_response_hop_limit": 2,
                "http_tokens": "required",
                "instance_metadata_tags": "disabled"
              }
            ],
            "monitoring": false,
            "network_interface": [],
            "outpost_arn": "",
            "password_data": "",
            "placement_group": "",
            "placement_group_id": "",
            "placement_partition_number": 0,
            "primary_network_interface": [
              {
                "delete_on_termination": true,
                "network_interface_id": "eni-031bce72aa80addd8"
              }
            ],
            "primary_network_interface_id": "eni-031bce72aa80addd8",
            "private_dns": "ip-10-0-1-145.ec2.internal",
            "private_dns_name_options": [
              {
                "enable_resource_name_dns_a_record": false,
                "enable_resource_name_dns_aaaa_record": false,
                "hostname_type": "ip-name"
              }
            ],
            "private_ip": "10.0.1.145",
            "public_dns": "",
            "public_ip": "18.207.182.180",
            "region": "us-east-1",
            "root_block_device": [
              {
                "delete_on_termination": true,
                "device_name": "/dev/xvda",
                "encrypted": false,
                "iops": 3000,
                "kms_key_id": "",
                "tags": null,
                "tags_all": {},
                "throughput": 125,
                "volume_id": "vol-0003d1bd7381ae56b",
                "volume_size": 30,
                "volume_type": "gp3"
              }
            ],
            "secondary_network_interface": [],
            "secondary_private_ips": [],
            "security_groups": [],
            "source_dest_check": true,
            "spot_instance_request_id": "",
            "subnet_id": "subnet-0d5c30fb7993959c8",
            "tags": {
              "Name": "k8s-worker01",
              "Role": "k8s_workers"
            },
            "tags_all": {
              "Name": "k8s-worker01",
              "Role": "k8s_workers"
            },
            "tenancy": "default",
            "timeouts": null,
            "user_data": "#!/bin/bash\nset -euxo pipefail\n\n# Update packages\ndnf update -y\n\n# Install Python 3 and pip\ndnf install -y python3 python3-pip\n\n# Verify installation\npython3 --version\npip3 --version",
            "user_data_base64": null,
            "user_data_replace_on_change": false,
            "volume_tags": null,
            "vpc_security_group_ids": [
              "sg-09012ca0749221fcc"
            ]
          },
          "sensitive_attributes": [],
          "identity_schema_version": 0,
          "identity": {
            "account_id": "018177188454",
            "id": "i-0e8582246cbda25b1",
            "region": "us-east-1"
          },
          "private": "eyJlMmJmYjczMC1lY2FhLTExZTYtOGY4OC0zNDM2M2JjN2M0YzAiOnsiY3JlYXRlIjo2MDAwMDAwMDAwMDAsImRlbGV0ZSI6MTIwMDAwMDAwMDAwMCwicmVhZCI6OTAwMDAwMDAwMDAwLCJ1cGRhdGUiOjYwMDAwMDAwMDAwMH0sInNjaGVtYV92ZXJzaW9uIjoiMiJ9",
          "dependencies": [
            "aws_key_pair.public_key_pair",
            "data.aws_ami.amazon_linux",
            "module.security_group.aws_security_group.this",
            "module.subnet.aws_subnet.this",
            "module.vpc.aws_vpc.this",
            "tls_private_key.rsa_private_key"
          ]
        }
      ]
    },
    {
      "module": "module.k8s_worker02",
      "mode": "managed",
      "type": "aws_instance",
      "name": "this",
      "provider": "provider[\"registry.terraform.io/hashicorp/aws\"]",
      "instances": [
        {
          "schema_version": 2,
          "attributes": {
            "ami": "ami-04af95eabef94f395",
            "arn": "arn:aws:ec2:us-east-1:018177188454:instance/i-0f2c40bb9ec09255f",
            "associate_public_ip_address": true,
            "availability_zone": "us-east-1a",
            "capacity_reservation_specification": [
              {
                "capacity_reservation_preference": "open",
                "capacity_reservation_target": []
              }
            ],
            "cpu_options": [
              {
                "amd_sev_snp": "",
                "core_count": 1,
                "nested_virtualization": "",
                "threads_per_core": 2
              }
            ],
            "credit_specification": [],
            "disable_api_stop": false,
            "disable_api_termination": false,
            "ebs_block_device": [],
            "ebs_optimized": false,
            "enable_primary_ipv6": null,
            "enclave_options": [
              {
                "enabled": false
              }
            ],
            "ephemeral_block_device": [],
            "force_destroy": false,
            "get_password_data": false,
            "hibernation": false,
            "host_id": "",
            "host_resource_group_arn": null,
            "iam_instance_profile": "",
            "id": "i-0f2c40bb9ec09255f",
            "instance_initiated_shutdown_behavior": "stop",
            "instance_lifecycle": "",
            "instance_market_options": [],
            "instance_state": "running",
            "instance_type": "c7i-flex.large",
            "ipv6_address_count": 0,
            "ipv6_addresses": [],
            "key_name": "public_key_pair",
            "launch_template": [],
            "maintenance_options": [
              {
                "auto_recovery": "default"
              }
            ],
            "metadata_options": [
              {
                "http_endpoint": "enabled",
                "http_protocol_ipv6": "disabled",
                "http_put_response_hop_limit": 2,
                "http_tokens": "required",
                "instance_metadata_tags": "disabled"
              }
            ],
            "monitoring": false,
            "network_interface": [],
            "outpost_arn": "",
            "password_data": "",
            "placement_group": "",
            "placement_group_id": "",
            "placement_partition_number": 0,
            "primary_network_interface": [
              {
                "delete_on_termination": true,
                "network_interface_id": "eni-05cf1e57f95947518"
              }
            ],
            "primary_network_interface_id": "eni-05cf1e57f95947518",
            "private_dns": "ip-10-0-1-114.ec2.internal",
            "private_dns_name_options": [
              {
                "enable_resource_name_dns_a_record": false,
                "enable_resource_name_dns_aaaa_record": false,
                "hostname_type": "ip-name"
              }
            ],
            "private_ip": "10.0.1.114",
            "public_dns": "",
            "public_ip": "18.214.40.175",
            "region": "us-east-1",
            "root_block_device": [
              {
                "delete_on_termination": true,
                "device_name": "/dev/xvda",
                "encrypted": false,
                "iops": 3000,
                "kms_key_id": "",
                "tags": null,
                "tags_all": {},
                "throughput": 125,
                "volume_id": "vol-0ff635730ce081443",
                "volume_size": 30,
                "volume_type": "gp3"
              }
            ],
            "secondary_network_interface": [],
            "secondary_private_ips": [],
            "security_groups": [],
            "source_dest_check": true,
            "spot_instance_request_id": "",
            "subnet_id": "subnet-0d5c30fb7993959c8",
            "tags": {
              "Name": "k8s-worker02",
              "Role": "k8s_workers"
            },
            "tags_all": {
              "Name": "k8s-worker02",
              "Role": "k8s_workers"
            },
            "tenancy": "default",
            "timeouts": null,
            "user_data": "#!/bin/bash\nset -euxo pipefail\n\n# Update packages\ndnf update -y\n\n# Install Python 3 and pip\ndnf install -y python3 python3-pip\n\n# Verify installation\npython3 --version\npip3 --version",
            "user_data_base64": null,
            "user_data_replace_on_change": false,
            "volume_tags": null,
            "vpc_security_group_ids": [
              "sg-09012ca0749221fcc"
            ]
          },
          "sensitive_attributes": [],
          "identity_schema_version": 0,
          "identity": {
            "account_id": "018177188454",
            "id": "i-0f2c40bb9ec09255f",
            "region": "us-east-1"
          },
          "private": "eyJlMmJmYjczMC1lY2FhLTExZTYtOGY4OC0zNDM2M2JjN2M0YzAiOnsiY3JlYXRlIjo2MDAwMDAwMDAwMDAsImRlbGV0ZSI6MTIwMDAwMDAwMDAwMCwicmVhZCI6OTAwMDAwMDAwMDAwLCJ1cGRhdGUiOjYwMDAwMDAwMDAwMH0sInNjaGVtYV92ZXJzaW9uIjoiMiJ9",
          "dependencies": [
            "aws_key_pair.public_key_pair",
            "data.aws_ami.amazon_linux",
            "module.security_group.aws_security_group.this",
            "module.subnet.aws_subnet.this",
            "module.vpc.aws_vpc.this",
            "tls_private_key.rsa_private_key"
          ]
        }
      ]
    },
    {
      "module": "module.route_table",
      "mode": "managed",
      "type": "aws_route_table",
      "name": "this",
      "provider": "provider[\"registry.terraform.io/hashicorp/aws\"]",
      "instances": [
        {
          "schema_version": 0,
          "attributes": {
            "arn": "arn:aws:ec2:us-east-1:018177188454:route-table/rtb-0eaf797f4938e7b07",
            "id": "rtb-0eaf797f4938e7b07",
            "owner_id": "018177188454",
            "propagating_vgws": [],
            "region": "us-east-1",
            "route": [
              {
                "carrier_gateway_id": "",
                "cidr_block": "0.0.0.0/0",
                "core_network_arn": "",
                "destination_prefix_list_id": "",
                "egress_only_gateway_id": "",
                "gateway_id": "igw-0f9b58ea96b5dd164",
                "ipv6_cidr_block": "",
                "local_gateway_id": "",
                "nat_gateway_id": "",
                "network_interface_id": "",
                "odb_network_arn": "",
                "transit_gateway_id": "",
                "vpc_endpoint_id": "",
                "vpc_peering_connection_id": ""
              }
            ],
            "tags": {
              "Name": "route-table"
            },
            "tags_all": {
              "Name": "route-table"
            },
            "timeouts": null,
            "vpc_id": "vpc-002e673e705538999"
          },
          "sensitive_attributes": [],
          "identity_schema_version": 0,
          "identity": {
            "account_id": "018177188454",
            "id": "rtb-0eaf797f4938e7b07",
            "region": "us-east-1"
          },
          "private": "eyJlMmJmYjczMC1lY2FhLTExZTYtOGY4OC0zNDM2M2JjN2M0YzAiOnsiY3JlYXRlIjozMDAwMDAwMDAwMDAsImRlbGV0ZSI6MzAwMDAwMDAwMDAwLCJ1cGRhdGUiOjEyMDAwMDAwMDAwMH19",
          "dependencies": [
            "module.igw.aws_internet_gateway.this",
            "module.vpc.aws_vpc.this"
          ]
        }
      ]
    },
    {
      "module": "module.route_table",
      "mode": "managed",
      "type": "aws_route_table_association",
      "name": "this",
      "provider": "provider[\"registry.terraform.io/hashicorp/aws\"]",
      "instances": [
        {
          "schema_version": 0,
          "attributes": {
            "gateway_id": "",
            "id": "rtbassoc-0e3836069e7cfacbf",
            "region": "us-east-1",
            "route_table_id": "rtb-0eaf797f4938e7b07",
            "subnet_id": "subnet-0d5c30fb7993959c8",
            "timeouts": null
          },
          "sensitive_attributes": [],
          "identity_schema_version": 0,
          "identity": {
            "account_id": "018177188454",
            "id": "rtbassoc-0e3836069e7cfacbf",
            "region": "us-east-1"
          },
          "private": "eyJlMmJmYjczMC1lY2FhLTExZTYtOGY4OC0zNDM2M2JjN2M0YzAiOnsiY3JlYXRlIjozMDAwMDAwMDAwMDAsImRlbGV0ZSI6MzAwMDAwMDAwMDAwLCJ1cGRhdGUiOjEyMDAwMDAwMDAwMH19",
          "dependencies": [
            "module.igw.aws_internet_gateway.this",
            "module.route_table.aws_route_table.this",
            "module.subnet.aws_subnet.this",
            "module.vpc.aws_vpc.this"
          ]
        }
      ]
    },
    {
      "module": "module.security_group",
      "mode": "managed",
      "type": "aws_security_group",
      "name": "this",
      "provider": "provider[\"registry.terraform.io/hashicorp/aws\"]",
      "instances": [
        {
          "schema_version": 1,
          "attributes": {
            "arn": "arn:aws:ec2:us-east-1:018177188454:security-group/sg-09012ca0749221fcc",
            "description": "Allow SSH and HTTP traffic",
            "egress": [
              {
                "cidr_blocks": [
                  "0.0.0.0/0"
                ],
                "description": "",
                "from_port": 0,
                "ipv6_cidr_blocks": [],
                "prefix_list_ids": [],
                "protocol": "-1",
                "security_groups": [],
                "self": false,
                "to_port": 0
              }
            ],
            "id": "sg-09012ca0749221fcc",
            "ingress": [
              {
                "cidr_blocks": [
                  "0.0.0.0/0"
                ],
                "description": "",
                "from_port": 22,
                "ipv6_cidr_blocks": [],
                "prefix_list_ids": [],
                "protocol": "tcp",
                "security_groups": [],
                "self": false,
                "to_port": 22
              },
              {
                "cidr_blocks": [
                  "0.0.0.0/0"
                ],
                "description": "",
                "from_port": 30000,
                "ipv6_cidr_blocks": [],
                "prefix_list_ids": [],
                "protocol": "tcp",
                "security_groups": [],
                "self": false,
                "to_port": 32767
              },
              {
                "cidr_blocks": [
                  "0.0.0.0/0"
                ],
                "description": "",
                "from_port": 80,
                "ipv6_cidr_blocks": [],
                "prefix_list_ids": [],
                "protocol": "tcp",
                "security_groups": [],
                "self": false,
                "to_port": 80
              },
              {
                "cidr_blocks": [
                  "0.0.0.0/0"
                ],
                "description": "",
                "from_port": 9000,
                "ipv6_cidr_blocks": [],
                "prefix_list_ids": [],
                "protocol": "tcp",
                "security_groups": [],
                "self": false,
                "to_port": 9000
              },
              {
                "cidr_blocks": [
                  "10.0.0.0/16"
                ],
                "description": "Allow ALL internal traffic from VPC",
                "from_port": 0,
                "ipv6_cidr_blocks": [],
                "prefix_list_ids": [],
                "protocol": "-1",
                "security_groups": [],
                "self": false,
                "to_port": 0
              }
            ],
            "name": "security-group",
            "name_prefix": "",
            "owner_id": "018177188454",
            "region": "us-east-1",
            "revoke_rules_on_delete": false,
            "tags": {
              "Name": "security-group"
            },
            "tags_all": {
              "Name": "security-group"
            },
            "timeouts": null,
            "vpc_id": "vpc-002e673e705538999"
          },
          "sensitive_attributes": [],
          "identity_schema_version": 0,
          "identity": {
            "account_id": "018177188454",
            "id": "sg-09012ca0749221fcc",
            "region": "us-east-1"
          },
          "private": "eyJlMmJmYjczMC1lY2FhLTExZTYtOGY4OC0zNDM2M2JjN2M0YzAiOnsiY3JlYXRlIjo2MDAwMDAwMDAwMDAsImRlbGV0ZSI6OTAwMDAwMDAwMDAwfSwic2NoZW1hX3ZlcnNpb24iOiIxIn0=",
          "dependencies": [
            "module.vpc.aws_vpc.this"
          ]
        }
      ]
    },
    {
      "module": "module.sonarqube",
      "mode": "managed",
      "type": "aws_instance",
      "name": "this",
      "provider": "provider[\"registry.terraform.io/hashicorp/aws\"]",
      "instances": [
        {
          "schema_version": 2,
          "attributes": {
            "ami": "ami-04af95eabef94f395",
            "arn": "arn:aws:ec2:us-east-1:018177188454:instance/i-07a86d84f676995e0",
            "associate_public_ip_address": true,
            "availability_zone": "us-east-1a",
            "capacity_reservation_specification": [
              {
                "capacity_reservation_preference": "open",
                "capacity_reservation_target": []
              }
            ],
            "cpu_options": [
              {
                "amd_sev_snp": "",
                "core_count": 1,
                "nested_virtualization": "",
                "threads_per_core": 2
              }
            ],
            "credit_specification": [],
            "disable_api_stop": false,
            "disable_api_termination": false,
            "ebs_block_device": [],
            "ebs_optimized": false,
            "enable_primary_ipv6": null,
            "enclave_options": [
              {
                "enabled": false
              }
            ],
            "ephemeral_block_device": [],
            "force_destroy": false,
            "get_password_data": false,
            "hibernation": false,
            "host_id": "",
            "host_resource_group_arn": null,
            "iam_instance_profile": "",
            "id": "i-07a86d84f676995e0",
            "instance_initiated_shutdown_behavior": "stop",
            "instance_lifecycle": "",
            "instance_market_options": [],
            "instance_state": "running",
            "instance_type": "c7i-flex.large",
            "ipv6_address_count": 0,
            "ipv6_addresses": [],
            "key_name": "public_key_pair",
            "launch_template": [],
            "maintenance_options": [
              {
                "auto_recovery": "default"
              }
            ],
            "metadata_options": [
              {
                "http_endpoint": "enabled",
                "http_protocol_ipv6": "disabled",
                "http_put_response_hop_limit": 2,
                "http_tokens": "required",
                "instance_metadata_tags": "disabled"
              }
            ],
            "monitoring": false,
            "network_interface": [],
            "outpost_arn": "",
            "password_data": "",
            "placement_group": "",
            "placement_group_id": "",
            "placement_partition_number": 0,
            "primary_network_interface": [
              {
                "delete_on_termination": true,
                "network_interface_id": "eni-04bea051a04c78235"
              }
            ],
            "primary_network_interface_id": "eni-04bea051a04c78235",
            "private_dns": "ip-10-0-1-95.ec2.internal",
            "private_dns_name_options": [
              {
                "enable_resource_name_dns_a_record": false,
                "enable_resource_name_dns_aaaa_record": false,
                "hostname_type": "ip-name"
              }
            ],
            "private_ip": "10.0.1.95",
            "public_dns": "",
            "public_ip": "44.211.48.77",
            "region": "us-east-1",
            "root_block_device": [
              {
                "delete_on_termination": true,
                "device_name": "/dev/xvda",
                "encrypted": false,
                "iops": 3000,
                "kms_key_id": "",
                "tags": null,
                "tags_all": {},
                "throughput": 125,
                "volume_id": "vol-05fc19cf0aa215fe8",
                "volume_size": 30,
                "volume_type": "gp3"
              }
            ],
            "secondary_network_interface": [],
            "secondary_private_ips": [],
            "security_groups": [],
            "source_dest_check": true,
            "spot_instance_request_id": "",
            "subnet_id": "subnet-0d5c30fb7993959c8",
            "tags": {
              "Name": "sonarqube",
              "Role": "sonar"
            },
            "tags_all": {
              "Name": "sonarqube",
              "Role": "sonar"
            },
            "tenancy": "default",
            "timeouts": null,
            "user_data": "#!/bin/bash\nset -euxo pipefail\n\n# Update packages\ndnf update -y\n\n# Install Python 3 and pip\ndnf install -y python3 python3-pip\n\n# Verify installation\npython3 --version\npip3 --version",
            "user_data_base64": null,
            "user_data_replace_on_change": false,
            "volume_tags": null,
            "vpc_security_group_ids": [
              "sg-09012ca0749221fcc"
            ]
          },
          "sensitive_attributes": [],
          "identity_schema_version": 0,
          "identity": {
            "account_id": "018177188454",
            "id": "i-07a86d84f676995e0",
            "region": "us-east-1"
          },
          "private": "eyJlMmJmYjczMC1lY2FhLTExZTYtOGY4OC0zNDM2M2JjN2M0YzAiOnsiY3JlYXRlIjo2MDAwMDAwMDAwMDAsImRlbGV0ZSI6MTIwMDAwMDAwMDAwMCwicmVhZCI6OTAwMDAwMDAwMDAwLCJ1cGRhdGUiOjYwMDAwMDAwMDAwMH0sInNjaGVtYV92ZXJzaW9uIjoiMiJ9",
          "dependencies": [
            "aws_key_pair.public_key_pair",
            "data.aws_ami.amazon_linux",
            "module.security_group.aws_security_group.this",
            "module.subnet.aws_subnet.this",
            "module.vpc.aws_vpc.this",
            "tls_private_key.rsa_private_key"
          ]
        }
      ]
    },
    {
      "module": "module.subnet",
      "mode": "managed",
      "type": "aws_subnet",
      "name": "this",
      "provider": "provider[\"registry.terraform.io/hashicorp/aws\"]",
      "instances": [
        {
          "schema_version": 1,
          "attributes": {
            "arn": "arn:aws:ec2:us-east-1:018177188454:subnet/subnet-0d5c30fb7993959c8",
            "assign_ipv6_address_on_creation": false,
            "availability_zone": "us-east-1a",
            "availability_zone_id": "use1-az1",
            "cidr_block": "10.0.1.0/24",
            "customer_owned_ipv4_pool": "",
            "enable_dns64": false,
            "enable_lni_at_device_index": 0,
            "enable_resource_name_dns_a_record_on_launch": false,
            "enable_resource_name_dns_aaaa_record_on_launch": false,
            "id": "subnet-0d5c30fb7993959c8",
            "ipv4_ipam_pool_id": null,
            "ipv4_netmask_length": null,
            "ipv6_cidr_block": "",
            "ipv6_cidr_block_association_id": "",
            "ipv6_ipam_pool_id": null,
            "ipv6_native": false,
            "ipv6_netmask_length": null,
            "map_customer_owned_ip_on_launch": false,
            "map_public_ip_on_launch": true,
            "outpost_arn": "",
            "owner_id": "018177188454",
            "private_dns_hostname_type_on_launch": "ip-name",
            "region": "us-east-1",
            "tags": {
              "Name": "subnet"
            },
            "tags_all": {
              "Name": "subnet"
            },
            "timeouts": null,
            "vpc_id": "vpc-002e673e705538999"
          },
          "sensitive_attributes": [],
          "identity_schema_version": 0,
          "identity": {
            "account_id": "018177188454",
            "id": "subnet-0d5c30fb7993959c8",
            "region": "us-east-1"
          },
          "private": "eyJlMmJmYjczMC1lY2FhLTExZTYtOGY4OC0zNDM2M2JjN2M0YzAiOnsiY3JlYXRlIjo2MDAwMDAwMDAwMDAsImRlbGV0ZSI6MTIwMDAwMDAwMDAwMH0sInNjaGVtYV92ZXJzaW9uIjoiMSJ9",
          "dependencies": [
            "module.vpc.aws_vpc.this"
          ]
        }
      ]
    },
    {
      "module": "module.vpc",
      "mode": "managed",
      "type": "aws_vpc",
      "name": "this",
      "provider": "provider[\"registry.terraform.io/hashicorp/aws\"]",
      "instances": [
        {
          "schema_version": 1,
          "attributes": {
            "arn": "arn:aws:ec2:us-east-1:018177188454:vpc/vpc-002e673e705538999",
            "assign_generated_ipv6_cidr_block": false,
            "cidr_block": "10.0.0.0/16",
            "default_network_acl_id": "acl-02231c6fade85249c",
            "default_route_table_id": "rtb-0a77f2cb1c28da110",
            "default_security_group_id": "sg-00b9bcaec790484c9",
            "dhcp_options_id": "dopt-04bb6bfec256ecfd1",
            "enable_dns_hostnames": false,
            "enable_dns_support": true,
            "enable_network_address_usage_metrics": false,
            "id": "vpc-002e673e705538999",
            "instance_tenancy": "default",
            "ipv4_ipam_pool_id": null,
            "ipv4_netmask_length": null,
            "ipv6_association_id": "",
            "ipv6_cidr_block": "",
            "ipv6_cidr_block_network_border_group": "",
            "ipv6_ipam_pool_id": "",
            "ipv6_netmask_length": 0,
            "main_route_table_id": "rtb-0a77f2cb1c28da110",
            "owner_id": "018177188454",
            "region": "us-east-1",
            "tags": {
              "Name": "vpc"
            },
            "tags_all": {
              "Name": "vpc"
            }
          },
          "sensitive_attributes": [],
          "identity_schema_version": 0,
          "identity": {
            "account_id": "018177188454",
            "id": "vpc-002e673e705538999",
            "region": "us-east-1"
          },
          "private": "eyJzY2hlbWFfdmVyc2lvbiI6IjEifQ=="
        }
      ]
    }
  ],
  "check_results": null
}
