{
  "version": 4,
  "terraform_version": "1.15.8",
  "serial": 14,
  "lineage": "da6a26ff-6d25-f975-04fb-056c3a49b97e",
  "outputs": {
    "instance_ids": {
      "value": {
        "k8s_master": "i-01ae9106192ecbcea",
        "k8s_worker01": "i-0a0e779a583e198b4",
        "k8s_worker02": "i-031325df33f111277",
        "sonarqube": "i-0d8b4a6ba68d2ce91"
      },
      "type": [
        "object",
        {
          "k8s_master": "string",
          "k8s_worker01": "string",
          "k8s_worker02": "string",
          "sonarqube": "string"
        }
      ]
    },
    "public_ips": {
      "value": {
        "k8s_master": "3.91.209.246",
        "k8s_worker01": "3.237.223.221",
        "k8s_worker02": "100.58.240.109",
        "sonarqube": "34.201.205.190"
      },
      "type": [
        "object",
        {
          "k8s_master": "string",
          "k8s_worker01": "string",
          "k8s_worker02": "string",
          "sonarqube": "string"
        }
      ]
    }
  },
  "resources": [
    {
      "mode": "data",
      "type": "aws_ami",
      "name": "amazon_linux",
      "provider": "provider[\"registry.terraform.io/hashicorp/aws\"]",
      "instances": [
        {
          "schema_version": 0,
          "attributes": {
            "allow_unsafe_filter": null,
            "architecture": "x86_64",
            "arn": "arn:aws:ec2:us-east-1::image/ami-04af95eabef94f395",
            "block_device_mappings": [
              {
                "device_name": "/dev/xvda",
                "ebs": {
                  "delete_on_termination": "true",
                  "encrypted": "false",
                  "iops": "3000",
                  "snapshot_id": "snap-02c8ed16518d20339",
                  "throughput": "125",
                  "volume_initialization_rate": "0",
                  "volume_size": "30",
                  "volume_type": "gp3"
                },
                "no_device": "",
                "virtual_name": ""
              }
            ],
            "boot_mode": "uefi-preferred",
            "creation_date": "2026-07-07T22:08:54.000Z",
            "deprecation_time": "2028-07-07T22:08:54.000Z",
            "description": "Amazon Linux AMI 2023.0.20260707 x86_64 ECS HVM EBS",
            "ena_support": true,
            "executable_users": null,
            "filter": [
              {
                "name": "name",
                "values": [
                  "al2023-ami-*-x86_64"
                ]
              }
            ],
            "hypervisor": "xen",
            "id": "ami-04af95eabef94f395",
            "image_id": "ami-04af95eabef94f395",
            "image_location": "amazon/al2023-ami-ecs-neuron-hvm-2023.0.20260707-kernel-6.1-x86_64",
            "image_owner_alias": "amazon",
            "image_type": "machine",
            "imds_support": "v2.0",
            "include_deprecated": false,
            "kernel_id": "",
            "last_launched_time": "",
            "most_recent": true,
            "name": "al2023-ami-ecs-neuron-hvm-2023.0.20260707-kernel-6.1-x86_64",
            "name_regex": null,
            "owner_id": "591542846629",
            "owners": [
              "amazon"
            ],
            "platform": "",
            "platform_details": "Linux/UNIX",
            "product_codes": [],
            "public": true,
            "ramdisk_id": "",
            "region": "us-east-1",
            "root_device_name": "/dev/xvda",
            "root_device_type": "ebs",
            "root_snapshot_id": "snap-02c8ed16518d20339",
            "sriov_net_support": "simple",
            "state": "available",
            "state_reason": {
              "code": "UNSET",
              "message": "UNSET"
            },
            "tags": {},
            "timeouts": null,
            "tpm_support": "",
            "uefi_data": null,
            "usage_operation": "RunInstances",
            "virtualization_type": "hvm"
          },
          "sensitive_attributes": [],
          "identity_schema_version": 0
        }
      ]
    },
    {
      "mode": "managed",
      "type": "aws_key_pair",
      "name": "public_key_pair",
      "provider": "provider[\"registry.terraform.io/hashicorp/aws\"]",
      "instances": [
        {
          "schema_version": 1,
          "attributes": {
            "arn": "arn:aws:ec2:us-east-1:565898898567:key-pair/public_key_pair",
            "fingerprint": "98:86:db:54:42:c6:a0:16:a1:e0:10:55:24:10:8c:4a",
            "id": "public_key_pair",
            "key_name": "public_key_pair",
            "key_name_prefix": "",
            "key_pair_id": "key-0cf82160275a6f0d3",
            "key_type": "rsa",
            "public_key": "ssh-rsa AAAAB3NzaC1yc2EAAAADAQABAAABAQC/nM/LhwccY2MWSGcvvcOq8F0Sx0yxvqKYfH7kX+ROxfMQ35gVTztbA19zzFyV01Py0qxlmSSxXHMPAMeBpkyGh/SnWyOcYyP0NhAoSuN0yFlpQ7qTpv4G6XZv+vIx+nlrSeu+ngko6pSy9YOBuVNzh6NtPD3C0AMNkIT92xj7OtLetKmWIKZbHFiAIpCOdJh1IMjTUw7GgCAyaTrfF/2pJhiCik+I8jpn3SpQYzTZTjaJzi5aFtwd08nv0pue4FwejcaA4t6Wf6jNUDwslcbbWQgXjtAogWFwkKAmvNx2i0/gsJJYztKROyY0NV5UmhQsiCiPyDdhG53FQ8QOLWOV",
            "region": "us-east-1",
            "tags": null,
            "tags_all": {}
          },
          "sensitive_attributes": [],
          "identity_schema_version": 0,
          "private": "eyJzY2hlbWFfdmVyc2lvbiI6IjEifQ==",
          "dependencies": [
            "tls_private_key.rsa_private_key"
          ]
        }
      ]
    },
    {
      "mode": "managed",
      "type": "local_file",
      "name": "private_key_file",
      "provider": "provider[\"registry.terraform.io/hashicorp/local\"]",
      "instances": [
        {
          "schema_version": 0,
          "attributes": {
            "content": "-----BEGIN RSA PRIVATE KEY-----\nMIIEowIBAAKCAQEAv5zPy4cHHGNjFkhnL73DqvBdEsdMsb6imHx+5F/kTsXzEN+Y\nFU87WwNfc8xcldNT8tKsZZkksVxzDwDHgaZMhof0p1sjnGMj9DYQKErjdMhZaUO6\nk6b+Bul2b/ryMfp5a0nrvp4JKOqUsvWDgblTc4ejbTw9wtADDZCE/dsY+zrS3rSp\nliCmWxxYgCKQjnSYdSDI01MOxoAgMmk63xf9qSYYgopPiPI6Z90qUGM02U42ic4u\nWhbcHdPJ79KbnuBcHo3GgOLeln+ozVA8LJXG21kIF47QKIFhcJCgJrzcdotP4LCS\nWM7SkTsmNDVeVJoULIgoj8g3YRudxUPEDi1jlQIDAQABAoIBAALCvZyDg2+Cz0tj\nndm4qpCd1ywfJYndiya8gfCjLw3JM0PL/YJZPN/4Ivin5yzs7ayxNEDIVndj8RqX\n2FY+qgva1IkY+Cf9ig25DoAhq/EtAd/kQgPAtAWOeQA/QPay0rwsDHZQhqDHMmKk\nI40VIa9b1C0XKGIzFApBrVUAtC5h/thdBT685aVRDFpMLQjGuRggUgHs0osLm1+x\nagMBvWBA4HPu2TPb8lZl5Xp68omwNWF67OzvGwqxBCYad0xChFFXs9MyLaYfPg9x\n5lmYWqiLksCUdr8bZsc/cx0EIznpmf9QG59ZsQL+hKoHXSEzrDQL9Gfl/x5DgWJO\nf/0LGksCgYEA1DjAzxkP89JBbzYST3ZrE7w9YyLaUp3sum5fbz8E30poxeTa4QWV\nCoXXImWRUWLiXSvnZxHPsOP7X++MOYlRZE7J+6SDcJ5y+oYrBV1EXpNf5PG6ioR7\nD/D99VwihRCdbMWYu9/tKtfkV6ePtbT+hBFyQd2ES5lJJKezNhezPCcCgYEA5yO1\nAp04KAvSjRYBmCFoBJHdknUjVOTFVIOBLA3ViA62JHZNNx+yr7EJ3XXpwcrMKEar\nBIM6P0Sxxd9VSo5oERa067+wTLnRQbMqklF9RQh2w8NpBZuR47XnwBF+BjXFtLUs\nuKaLfgl8fo/klxqB7EBWHl2MK1UKbxCXsHQHq+MCgYBvyFUGwNS+QQlmYrzSTjWo\nd4Z+KWWGDtkaefiayD7wvmjhk+IWlLIkkMr4uzcH/2XsXavNhnw3WF6X8b2SsNnG\nVBngCo+RSmSVwQX4FWBl0Iq6NPlk7NNFWlLqYlVscYv6Nzpz+0cZQg5sfT4dH/DP\n78CXIO8GQv9b51lmLKWkEQKBgQCAetOqEVRexjuSWxIlyyPzrlUYjO5HySZ7FOIf\nZ80y5OKQIAZJxt/fUyxlop5+L0kOdkGnr34YHwomMD9Lwx7LqPCGPrYz3/IWcA4Q\n6SUV01+Y760YBeKxTbL1i4Oe1hMAoNisBz9wnrtJ6pgo+f4QIa79EAjTKWE0XWfE\nGKsO+wKBgEICJlTvsicleQdo9V8Zi+AA3gCbgNbqrHnCvVXkLbQ5sejMNNL8VoUd\nTGs/hcnnNuTp3EzQFB4s1B7tC0xmFGV0CoSNqhQ3ixbbyPX3OVBuBy9mH6cpwQVL\nxJja7LJTF0/Jg2LfETV89ythTQzyIu6c2gS2R2cAtSZVoiVIcEdc\n-----END RSA PRIVATE KEY-----\n",
            "content_base64": null,
            "content_base64sha256": "7Afxoz02Bqev6aYuqtphBTWuZ4O0To63ktHaQXf5j1M=",
            "content_base64sha512": "gm2xrqIbtaFg6LmZLxS7t3zTo2fk5hr3sx1s+Qrh5YqfHpAY+YzwSRiXB3q32bxq6JVnv9er8ch3sItClNY1+g==",
            "content_md5": "c9c14f10a29acf5008925b3aa4efe6d7",
            "content_sha1": "341034182e7fa46618757fc4b9c59e8cee44237e",
            "content_sha256": "ec07f1a33d3606a7afe9a62eaada610535ae6783b44e8eb792d1da4177f98f53",
            "content_sha512": "826db1aea21bb5a160e8b9992f14bbb77cd3a367e4e61af7b31d6cf90ae1e58a9f1e9018f98cf0491897077ab7d9bc6ae89567bfd7abf1c877b08b4294d635fa",
            "directory_permission": "0777",
            "file_permission": "0400",
            "filename": "./generated/private_key.pem",
            "id": "341034182e7fa46618757fc4b9c59e8cee44237e",
            "sensitive_content": null,
            "source": null
          },
          "sensitive_attributes": [
            [
              {
                "type": "get_attr",
                "value": "content"
              }
            ],
            [
              {
                "type": "get_attr",
                "value": "sensitive_content"
              }
            ]
          ],
          "identity_schema_version": 0,
          "dependencies": [
            "tls_private_key.rsa_private_key"
          ]
        }
      ]
    },
    {
      "mode": "managed",
      "type": "tls_private_key",
      "name": "rsa_private_key",
      "provider": "provider[\"registry.terraform.io/hashicorp/tls\"]",
      "instances": [
        {
          "schema_version": 1,
          "attributes": {
            "algorithm": "RSA",
            "ecdsa_curve": "P224",
            "id": "0ad07e1351c97b0bb7e39688aa81a9aa5b8e394b",
            "private_key_openssh": "-----BEGIN OPENSSH PRIVATE KEY-----\nb3BlbnNzaC1rZXktdjEAAAAABG5vbmUAAAAEbm9uZQAAAAAAAAABAAABFwAAAAdz\nc2gtcnNhAAAAAwEAAQAAAQEAv5zPy4cHHGNjFkhnL73DqvBdEsdMsb6imHx+5F/k\nTsXzEN+YFU87WwNfc8xcldNT8tKsZZkksVxzDwDHgaZMhof0p1sjnGMj9DYQKErj\ndMhZaUO6k6b+Bul2b/ryMfp5a0nrvp4JKOqUsvWDgblTc4ejbTw9wtADDZCE/dsY\n+zrS3rSpliCmWxxYgCKQjnSYdSDI01MOxoAgMmk63xf9qSYYgopPiPI6Z90qUGM0\n2U42ic4uWhbcHdPJ79KbnuBcHo3GgOLeln+ozVA8LJXG21kIF47QKIFhcJCgJrzc\ndotP4LCSWM7SkTsmNDVeVJoULIgoj8g3YRudxUPEDi1jlQAAA7iVhuUFlYblBQAA\nAAdzc2gtcnNhAAABAQC/nM/LhwccY2MWSGcvvcOq8F0Sx0yxvqKYfH7kX+ROxfMQ\n35gVTztbA19zzFyV01Py0qxlmSSxXHMPAMeBpkyGh/SnWyOcYyP0NhAoSuN0yFlp\nQ7qTpv4G6XZv+vIx+nlrSeu+ngko6pSy9YOBuVNzh6NtPD3C0AMNkIT92xj7OtLe\ntKmWIKZbHFiAIpCOdJh1IMjTUw7GgCAyaTrfF/2pJhiCik+I8jpn3SpQYzTZTjaJ\nzi5aFtwd08nv0pue4FwejcaA4t6Wf6jNUDwslcbbWQgXjtAogWFwkKAmvNx2i0/g\nsJJYztKROyY0NV5UmhQsiCiPyDdhG53FQ8QOLWOVAAAAAwEAAQAAAQACwr2cg4Nv\ngs9LY53ZuKqQndcsHyWJ3YsmvIHwoy8NyTNDy/2CWTzf+CL4p+cs7O2ssTRAyFZ3\nY/Eal9hWPqoL2tSJGPgn/YoNuQ6AIavxLQHf5EIDwLQFjnkAP0D2stK8LAx2UIag\nxzJipCONFSGvW9QtFyhiMxQKQa1VALQuYf7YXQU+vOWlUQxaTC0IxrkYIFIB7NKL\nC5tfsWoDAb1gQOBz7tkz2/JWZeV6evKJsDVheuzs7xsKsQQmGndMQoRRV7PTMi2m\nHz4PceZZmFqoi5LAlHa/G2bHP3MdBCM56Zn/UBufWbEC/oSqB10hM6w0C/Rn5f8e\nQ4FiTn/9CxpLAAAAgEICJlTvsicleQdo9V8Zi+AA3gCbgNbqrHnCvVXkLbQ5sejM\nNNL8VoUdTGs/hcnnNuTp3EzQFB4s1B7tC0xmFGV0CoSNqhQ3ixbbyPX3OVBuBy9m\nH6cpwQVLxJja7LJTF0/Jg2LfETV89ythTQzyIu6c2gS2R2cAtSZVoiVIcEdcAAAA\ngQDUOMDPGQ/z0kFvNhJPdmsTvD1jItpSney6bl9vPwTfSmjF5NrhBZUKhdciZZFR\nYuJdK+dnEc+w4/tf74w5iVFkTsn7pINwnnL6hisFXURek1/k8bqKhHsP8P31XCKF\nEJ1sxZi73+0q1+RXp4+1tP6EEXJB3YRLmUkkp7M2F7M8JwAAAIEA5yO1Ap04KAvS\njRYBmCFoBJHdknUjVOTFVIOBLA3ViA62JHZNNx+yr7EJ3XXpwcrMKEarBIM6P0Sx\nxd9VSo5oERa067+wTLnRQbMqklF9RQh2w8NpBZuR47XnwBF+BjXFtLUsuKaLfgl8\nfo/klxqB7EBWHl2MK1UKbxCXsHQHq+MAAAAAAQID\n-----END OPENSSH PRIVATE KEY-----\n",
            "private_key_pem": "-----BEGIN RSA PRIVATE KEY-----\nMIIEowIBAAKCAQEAv5zPy4cHHGNjFkhnL73DqvBdEsdMsb6imHx+5F/kTsXzEN+Y\nFU87WwNfc8xcldNT8tKsZZkksVxzDwDHgaZMhof0p1sjnGMj9DYQKErjdMhZaUO6\nk6b+Bul2b/ryMfp5a0nrvp4JKOqUsvWDgblTc4ejbTw9wtADDZCE/dsY+zrS3rSp\nliCmWxxYgCKQjnSYdSDI01MOxoAgMmk63xf9qSYYgopPiPI6Z90qUGM02U42ic4u\nWhbcHdPJ79KbnuBcHo3GgOLeln+ozVA8LJXG21kIF47QKIFhcJCgJrzcdotP4LCS\nWM7SkTsmNDVeVJoULIgoj8g3YRudxUPEDi1jlQIDAQABAoIBAALCvZyDg2+Cz0tj\nndm4qpCd1ywfJYndiya8gfCjLw3JM0PL/YJZPN/4Ivin5yzs7ayxNEDIVndj8RqX\n2FY+qgva1IkY+Cf9ig25DoAhq/EtAd/kQgPAtAWOeQA/QPay0rwsDHZQhqDHMmKk\nI40VIa9b1C0XKGIzFApBrVUAtC5h/thdBT685aVRDFpMLQjGuRggUgHs0osLm1+x\nagMBvWBA4HPu2TPb8lZl5Xp68omwNWF67OzvGwqxBCYad0xChFFXs9MyLaYfPg9x\n5lmYWqiLksCUdr8bZsc/cx0EIznpmf9QG59ZsQL+hKoHXSEzrDQL9Gfl/x5DgWJO\nf/0LGksCgYEA1DjAzxkP89JBbzYST3ZrE7w9YyLaUp3sum5fbz8E30poxeTa4QWV\nCoXXImWRUWLiXSvnZxHPsOP7X++MOYlRZE7J+6SDcJ5y+oYrBV1EXpNf5PG6ioR7\nD/D99VwihRCdbMWYu9/tKtfkV6ePtbT+hBFyQd2ES5lJJKezNhezPCcCgYEA5yO1\nAp04KAvSjRYBmCFoBJHdknUjVOTFVIOBLA3ViA62JHZNNx+yr7EJ3XXpwcrMKEar\nBIM6P0Sxxd9VSo5oERa067+wTLnRQbMqklF9RQh2w8NpBZuR47XnwBF+BjXFtLUs\nuKaLfgl8fo/klxqB7EBWHl2MK1UKbxCXsHQHq+MCgYBvyFUGwNS+QQlmYrzSTjWo\nd4Z+KWWGDtkaefiayD7wvmjhk+IWlLIkkMr4uzcH/2XsXavNhnw3WF6X8b2SsNnG\nVBngCo+RSmSVwQX4FWBl0Iq6NPlk7NNFWlLqYlVscYv6Nzpz+0cZQg5sfT4dH/DP\n78CXIO8GQv9b51lmLKWkEQKBgQCAetOqEVRexjuSWxIlyyPzrlUYjO5HySZ7FOIf\nZ80y5OKQIAZJxt/fUyxlop5+L0kOdkGnr34YHwomMD9Lwx7LqPCGPrYz3/IWcA4Q\n6SUV01+Y760YBeKxTbL1i4Oe1hMAoNisBz9wnrtJ6pgo+f4QIa79EAjTKWE0XWfE\nGKsO+wKBgEICJlTvsicleQdo9V8Zi+AA3gCbgNbqrHnCvVXkLbQ5sejMNNL8VoUd\nTGs/hcnnNuTp3EzQFB4s1B7tC0xmFGV0CoSNqhQ3ixbbyPX3OVBuBy9mH6cpwQVL\nxJja7LJTF0/Jg2LfETV89ythTQzyIu6c2gS2R2cAtSZVoiVIcEdc\n-----END RSA PRIVATE KEY-----\n",
            "private_key_pem_pkcs8": "-----BEGIN PRIVATE KEY-----\nMIIEvQIBADANBgkqhkiG9w0BAQEFAASCBKcwggSjAgEAAoIBAQC/nM/LhwccY2MW\nSGcvvcOq8F0Sx0yxvqKYfH7kX+ROxfMQ35gVTztbA19zzFyV01Py0qxlmSSxXHMP\nAMeBpkyGh/SnWyOcYyP0NhAoSuN0yFlpQ7qTpv4G6XZv+vIx+nlrSeu+ngko6pSy\n9YOBuVNzh6NtPD3C0AMNkIT92xj7OtLetKmWIKZbHFiAIpCOdJh1IMjTUw7GgCAy\naTrfF/2pJhiCik+I8jpn3SpQYzTZTjaJzi5aFtwd08nv0pue4FwejcaA4t6Wf6jN\nUDwslcbbWQgXjtAogWFwkKAmvNx2i0/gsJJYztKROyY0NV5UmhQsiCiPyDdhG53F\nQ8QOLWOVAgMBAAECggEAAsK9nIODb4LPS2Od2biqkJ3XLB8lid2LJryB8KMvDckz\nQ8v9glk83/gi+KfnLOztrLE0QMhWd2PxGpfYVj6qC9rUiRj4J/2KDbkOgCGr8S0B\n3+RCA8C0BY55AD9A9rLSvCwMdlCGoMcyYqQjjRUhr1vULRcoYjMUCkGtVQC0LmH+\n2F0FPrzlpVEMWkwtCMa5GCBSAezSiwubX7FqAwG9YEDgc+7ZM9vyVmXlenryibA1\nYXrs7O8bCrEEJhp3TEKEUVez0zItph8+D3HmWZhaqIuSwJR2vxtmxz9zHQQjOemZ\n/1Abn1mxAv6EqgddITOsNAv0Z+X/HkOBYk5//QsaSwKBgQDUOMDPGQ/z0kFvNhJP\ndmsTvD1jItpSney6bl9vPwTfSmjF5NrhBZUKhdciZZFRYuJdK+dnEc+w4/tf74w5\niVFkTsn7pINwnnL6hisFXURek1/k8bqKhHsP8P31XCKFEJ1sxZi73+0q1+RXp4+1\ntP6EEXJB3YRLmUkkp7M2F7M8JwKBgQDnI7UCnTgoC9KNFgGYIWgEkd2SdSNU5MVU\ng4EsDdWIDrYkdk03H7KvsQnddenByswoRqsEgzo/RLHF31VKjmgRFrTrv7BMudFB\nsyqSUX1FCHbDw2kFm5HjtefAEX4GNcW0tSy4pot+CXx+j+SXGoHsQFYeXYwrVQpv\nEJewdAer4wKBgG/IVQbA1L5BCWZivNJONah3hn4pZYYO2Rp5+JrIPvC+aOGT4haU\nsiSQyvi7Nwf/Zexdq82GfDdYXpfxvZKw2cZUGeAKj5FKZJXBBfgVYGXQiro0+WTs\n00VaUupiVWxxi/o3OnP7RxlCDmx9Ph0f8M/vwJcg7wZC/1vnWWYspaQRAoGBAIB6\n06oRVF7GO5JbEiXLI/OuVRiM7kfJJnsU4h9nzTLk4pAgBknG399TLGWinn4vSQ52\nQaevfhgfCiYwP0vDHsuo8IY+tjPf8hZwDhDpJRXTX5jvrRgF4rFNsvWLg57WEwCg\n2KwHP3Ceu0nqmCj5/hAhrv0QCNMpYTRdZ8QYqw77AoGAQgImVO+yJyV5B2j1XxmL\n4ADeAJuA1uqsecK9VeQttDmx6Mw00vxWhR1Maz+Fyec25OncTNAUHizUHu0LTGYU\nZXQKhI2qFDeLFtvI9fc5UG4HL2YfpynBBUvEmNrsslMXT8mDYt8RNXz3K2FNDPIi\n7pzaBLZHZwC1JlWiJUhwR1w=\n-----END PRIVATE KEY-----\n",
            "public_key_fingerprint_md5": "b2:dd:7a:18:5c:88:58:15:bc:28:08:f9:21:e8:65:70",
            "public_key_fingerprint_sha256": "SHA256:XfoeIqCqZnxosYRmViIVuDRJg4X1CgNL8xplloRAIkQ",
            "public_key_openssh": "ssh-rsa AAAAB3NzaC1yc2EAAAADAQABAAABAQC/nM/LhwccY2MWSGcvvcOq8F0Sx0yxvqKYfH7kX+ROxfMQ35gVTztbA19zzFyV01Py0qxlmSSxXHMPAMeBpkyGh/SnWyOcYyP0NhAoSuN0yFlpQ7qTpv4G6XZv+vIx+nlrSeu+ngko6pSy9YOBuVNzh6NtPD3C0AMNkIT92xj7OtLetKmWIKZbHFiAIpCOdJh1IMjTUw7GgCAyaTrfF/2pJhiCik+I8jpn3SpQYzTZTjaJzi5aFtwd08nv0pue4FwejcaA4t6Wf6jNUDwslcbbWQgXjtAogWFwkKAmvNx2i0/gsJJYztKROyY0NV5UmhQsiCiPyDdhG53FQ8QOLWOV\n",
            "public_key_pem": "-----BEGIN PUBLIC KEY-----\nMIIBIjANBgkqhkiG9w0BAQEFAAOCAQ8AMIIBCgKCAQEAv5zPy4cHHGNjFkhnL73D\nqvBdEsdMsb6imHx+5F/kTsXzEN+YFU87WwNfc8xcldNT8tKsZZkksVxzDwDHgaZM\nhof0p1sjnGMj9DYQKErjdMhZaUO6k6b+Bul2b/ryMfp5a0nrvp4JKOqUsvWDgblT\nc4ejbTw9wtADDZCE/dsY+zrS3rSpliCmWxxYgCKQjnSYdSDI01MOxoAgMmk63xf9\nqSYYgopPiPI6Z90qUGM02U42ic4uWhbcHdPJ79KbnuBcHo3GgOLeln+ozVA8LJXG\n21kIF47QKIFhcJCgJrzcdotP4LCSWM7SkTsmNDVeVJoULIgoj8g3YRudxUPEDi1j\nlQIDAQAB\n-----END PUBLIC KEY-----\n",
            "rsa_bits": 2048
          },
          "sensitive_attributes": [
            [
              {
                "type": "get_attr",
                "value": "private_key_openssh"
              }
            ],
            [
              {
                "type": "get_attr",
                "value": "private_key_pem"
              }
            ],
            [
              {
                "type": "get_attr",
                "value": "private_key_pem_pkcs8"
              }
            ]
          ],
          "identity_schema_version": 0
        }
      ]
    },
    {
      "module": "module.igw",
      "mode": "managed",
      "type": "aws_internet_gateway",
      "name": "this",
      "provider": "provider[\"registry.terraform.io/hashicorp/aws\"]",
      "instances": [
        {
          "schema_version": 0,
          "attributes": {
            "arn": "arn:aws:ec2:us-east-1:565898898567:internet-gateway/igw-08f04ac88c2bfc2c9",
            "id": "igw-08f04ac88c2bfc2c9",
            "owner_id": "565898898567",
            "region": "us-east-1",
            "tags": {
              "Name": "gateway"
            },
            "tags_all": {
              "Name": "gateway"
            },
            "timeouts": null,
            "vpc_id": "vpc-0b65138d03ef12ee3"
          },
          "sensitive_attributes": [],
          "identity_schema_version": 0,
          "identity": {
            "account_id": "565898898567",
            "id": "igw-08f04ac88c2bfc2c9",
            "region": "us-east-1"
          },
          "private": "eyJlMmJmYjczMC1lY2FhLTExZTYtOGY4OC0zNDM2M2JjN2M0YzAiOnsiY3JlYXRlIjoxMjAwMDAwMDAwMDAwLCJkZWxldGUiOjEyMDAwMDAwMDAwMDAsInVwZGF0ZSI6MTIwMDAwMDAwMDAwMH19",
          "dependencies": [
            "module.vpc.aws_vpc.this"
          ]
        }
      ]
    },
    {
      "module": "module.k8s_master",
      "mode": "managed",
      "type": "aws_instance",
      "name": "this",
      "provider": "provider[\"registry.terraform.io/hashicorp/aws\"]",
      "instances": [
        {
          "schema_version": 2,
          "attributes": {
            "ami": "ami-04af95eabef94f395",
            "arn": "arn:aws:ec2:us-east-1:565898898567:instance/i-01ae9106192ecbcea",
            "associate_public_ip_address": true,
            "availability_zone": "us-east-1a",
            "capacity_reservation_specification": [
              {
                "capacity_reservation_preference": "open",
                "capacity_reservation_target": []
              }
            ],
            "cpu_options": [
              {
                "amd_sev_snp": "",
                "core_count": 1,
                "nested_virtualization": "",
                "threads_per_core": 2
              }
            ],
            "credit_specification": [],
            "disable_api_stop": false,
            "disable_api_termination": false,
            "ebs_block_device": [],
            "ebs_optimized": false,
            "enable_primary_ipv6": null,
            "enclave_options": [
              {
                "enabled": false
              }
            ],
            "ephemeral_block_device": [],
            "force_destroy": false,
            "get_password_data": false,
            "hibernation": false,
            "host_id": "",
            "host_resource_group_arn": null,
            "iam_instance_profile": "",
            "id": "i-01ae9106192ecbcea",
            "instance_initiated_shutdown_behavior": "stop",
            "instance_lifecycle": "",
            "instance_market_options": [],
            "instance_state": "running",
            "instance_type": "c7i-flex.large",
            "ipv6_address_count": 0,
            "ipv6_addresses": [],
            "key_name": "public_key_pair",
            "launch_template": [],
            "maintenance_options": [
              {
                "auto_recovery": "default"
              }
            ],
            "metadata_options": [
              {
                "http_endpoint": "enabled",
                "http_protocol_ipv6": "disabled",
                "http_put_response_hop_limit": 2,
                "http_tokens": "required",
                "instance_metadata_tags": "disabled"
              }
            ],
            "monitoring": false,
            "network_interface": [],
            "outpost_arn": "",
            "password_data": "",
            "placement_group": "",
            "placement_group_id": "",
            "placement_partition_number": 0,
            "primary_network_interface": [
              {
                "delete_on_termination": true,
                "network_interface_id": "eni-0d0d6c262184f8e25"
              }
            ],
            "primary_network_interface_id": "eni-0d0d6c262184f8e25",
            "private_dns": "ip-10-0-1-137.ec2.internal",
            "private_dns_name_options": [
              {
                "enable_resource_name_dns_a_record": false,
                "enable_resource_name_dns_aaaa_record": false,
                "hostname_type": "ip-name"
              }
            ],
            "private_ip": "10.0.1.137",
            "public_dns": "",
            "public_ip": "3.91.209.246",
            "region": "us-east-1",
            "root_block_device": [
              {
                "delete_on_termination": true,
                "device_name": "/dev/xvda",
                "encrypted": false,
                "iops": 3000,
                "kms_key_id": "",
                "tags": null,
                "tags_all": {},
                "throughput": 125,
                "volume_id": "vol-017d5decd894ae705",
                "volume_size": 30,
                "volume_type": "gp3"
              }
            ],
            "secondary_network_interface": [],
            "secondary_private_ips": [],
            "security_groups": [],
            "source_dest_check": true,
            "spot_instance_request_id": "",
            "subnet_id": "subnet-03b850a33ce757ef3",
            "tags": {
              "Name": "k8s-master",
              "Role": "k8s_control_plane"
            },
            "tags_all": {
              "Name": "k8s-master",
              "Role": "k8s_control_plane"
            },
            "tenancy": "default",
            "timeouts": null,
            "user_data": "#!/bin/bash\nset -euxo pipefail\n\n# Update packages\ndnf update -y\n\n# Install Python 3 and pip\ndnf install -y python3 python3-pip\n\n# Verify installation\npython3 --version\npip3 --version",
            "user_data_base64": null,
            "user_data_replace_on_change": false,
            "volume_tags": null,
            "vpc_security_group_ids": [
              "sg-05faea55286de33f0"
            ]
          },
          "sensitive_attributes": [],
          "identity_schema_version": 0,
          "identity": {
            "account_id": "565898898567",
            "id": "i-01ae9106192ecbcea",
            "region": "us-east-1"
          },
          "private": "eyJlMmJmYjczMC1lY2FhLTExZTYtOGY4OC0zNDM2M2JjN2M0YzAiOnsiY3JlYXRlIjo2MDAwMDAwMDAwMDAsImRlbGV0ZSI6MTIwMDAwMDAwMDAwMCwicmVhZCI6OTAwMDAwMDAwMDAwLCJ1cGRhdGUiOjYwMDAwMDAwMDAwMH0sInNjaGVtYV92ZXJzaW9uIjoiMiJ9",
          "dependencies": [
            "aws_key_pair.public_key_pair",
            "data.aws_ami.amazon_linux",
            "module.security_group.aws_security_group.this",
            "module.subnet.aws_subnet.this",
            "module.vpc.aws_vpc.this",
            "tls_private_key.rsa_private_key"
          ]
        }
      ]
    },
    {
      "module": "module.k8s_worker01",
      "mode": "managed",
      "type": "aws_instance",
      "name": "this",
      "provider": "provider[\"registry.terraform.io/hashicorp/aws\"]",
      "instances": [
        {
          "schema_version": 2,
          "attributes": {
            "ami": "ami-04af95eabef94f395",
            "arn": "arn:aws:ec2:us-east-1:565898898567:instance/i-0a0e779a583e198b4",
            "associate_public_ip_address": true,
            "availability_zone": "us-east-1a",
            "capacity_reservation_specification": [
              {
                "capacity_reservation_preference": "open",
                "capacity_reservation_target": []
              }
            ],
            "cpu_options": [
              {
                "amd_sev_snp": "",
                "core_count": 1,
                "nested_virtualization": "",
                "threads_per_core": 2
              }
            ],
            "credit_specification": [],
            "disable_api_stop": false,
            "disable_api_termination": false,
            "ebs_block_device": [],
            "ebs_optimized": false,
            "enable_primary_ipv6": null,
            "enclave_options": [
              {
                "enabled": false
              }
            ],
            "ephemeral_block_device": [],
            "force_destroy": false,
            "get_password_data": false,
            "hibernation": false,
            "host_id": "",
            "host_resource_group_arn": null,
            "iam_instance_profile": "",
            "id": "i-0a0e779a583e198b4",
            "instance_initiated_shutdown_behavior": "stop",
            "instance_lifecycle": "",
            "instance_market_options": [],
            "instance_state": "running",
            "instance_type": "c7i-flex.large",
            "ipv6_address_count": 0,
            "ipv6_addresses": [],
            "key_name": "public_key_pair",
            "launch_template": [],
            "maintenance_options": [
              {
                "auto_recovery": "default"
              }
            ],
            "metadata_options": [
              {
                "http_endpoint": "enabled",
                "http_protocol_ipv6": "disabled",
                "http_put_response_hop_limit": 2,
                "http_tokens": "required",
                "instance_metadata_tags": "disabled"
              }
            ],
            "monitoring": false,
            "network_interface": [],
            "outpost_arn": "",
            "password_data": "",
            "placement_group": "",
            "placement_group_id": "",
            "placement_partition_number": 0,
            "primary_network_interface": [
              {
                "delete_on_termination": true,
                "network_interface_id": "eni-01d96c011750ac43e"
              }
            ],
            "primary_network_interface_id": "eni-01d96c011750ac43e",
            "private_dns": "ip-10-0-1-30.ec2.internal",
            "private_dns_name_options": [
              {
                "enable_resource_name_dns_a_record": false,
                "enable_resource_name_dns_aaaa_record": false,
                "hostname_type": "ip-name"
              }
            ],
            "private_ip": "10.0.1.30",
            "public_dns": "",
            "public_ip": "3.237.223.221",
            "region": "us-east-1",
            "root_block_device": [
              {
                "delete_on_termination": true,
                "device_name": "/dev/xvda",
                "encrypted": false,
                "iops": 3000,
                "kms_key_id": "",
                "tags": null,
                "tags_all": {},
                "throughput": 125,
                "volume_id": "vol-07153d24c94be4054",
                "volume_size": 30,
                "volume_type": "gp3"
              }
            ],
            "secondary_network_interface": [],
            "secondary_private_ips": [],
            "security_groups": [],
            "source_dest_check": true,
            "spot_instance_request_id": "",
            "subnet_id": "subnet-03b850a33ce757ef3",
            "tags": {
              "Name": "k8s-worker01",
              "Role": "k8s_workers"
            },
            "tags_all": {
              "Name": "k8s-worker01",
              "Role": "k8s_workers"
            },
            "tenancy": "default",
            "timeouts": null,
            "user_data": "#!/bin/bash\nset -euxo pipefail\n\n# Update packages\ndnf update -y\n\n# Install Python 3 and pip\ndnf install -y python3 python3-pip\n\n# Verify installation\npython3 --version\npip3 --version",
            "user_data_base64": null,
            "user_data_replace_on_change": false,
            "volume_tags": null,
            "vpc_security_group_ids": [
              "sg-05faea55286de33f0"
            ]
          },
          "sensitive_attributes": [],
          "identity_schema_version": 0,
          "identity": {
            "account_id": "565898898567",
            "id": "i-0a0e779a583e198b4",
            "region": "us-east-1"
          },
          "private": "eyJlMmJmYjczMC1lY2FhLTExZTYtOGY4OC0zNDM2M2JjN2M0YzAiOnsiY3JlYXRlIjo2MDAwMDAwMDAwMDAsImRlbGV0ZSI6MTIwMDAwMDAwMDAwMCwicmVhZCI6OTAwMDAwMDAwMDAwLCJ1cGRhdGUiOjYwMDAwMDAwMDAwMH0sInNjaGVtYV92ZXJzaW9uIjoiMiJ9",
          "dependencies": [
            "aws_key_pair.public_key_pair",
            "data.aws_ami.amazon_linux",
            "module.security_group.aws_security_group.this",
            "module.subnet.aws_subnet.this",
            "module.vpc.aws_vpc.this",
            "tls_private_key.rsa_private_key"
          ]
        }
      ]
    },
    {
      "module": "module.k8s_worker02",
      "mode": "managed",
      "type": "aws_instance",
      "name": "this",
      "provider": "provider[\"registry.terraform.io/hashicorp/aws\"]",
      "instances": [
        {
          "schema_version": 2,
          "attributes": {
            "ami": "ami-04af95eabef94f395",
            "arn": "arn:aws:ec2:us-east-1:565898898567:instance/i-031325df33f111277",
            "associate_public_ip_address": true,
            "availability_zone": "us-east-1a",
            "capacity_reservation_specification": [
              {
                "capacity_reservation_preference": "open",
                "capacity_reservation_target": []
              }
            ],
            "cpu_options": [
              {
                "amd_sev_snp": "",
                "core_count": 1,
                "nested_virtualization": "",
                "threads_per_core": 2
              }
            ],
            "credit_specification": [],
            "disable_api_stop": false,
            "disable_api_termination": false,
            "ebs_block_device": [],
            "ebs_optimized": false,
            "enable_primary_ipv6": null,
            "enclave_options": [
              {
                "enabled": false
              }
            ],
            "ephemeral_block_device": [],
            "force_destroy": false,
            "get_password_data": false,
            "hibernation": false,
            "host_id": "",
            "host_resource_group_arn": null,
            "iam_instance_profile": "",
            "id": "i-031325df33f111277",
            "instance_initiated_shutdown_behavior": "stop",
            "instance_lifecycle": "",
            "instance_market_options": [],
            "instance_state": "running",
            "instance_type": "c7i-flex.large",
            "ipv6_address_count": 0,
            "ipv6_addresses": [],
            "key_name": "public_key_pair",
            "launch_template": [],
            "maintenance_options": [
              {
                "auto_recovery": "default"
              }
            ],
            "metadata_options": [
              {
                "http_endpoint": "enabled",
                "http_protocol_ipv6": "disabled",
                "http_put_response_hop_limit": 2,
                "http_tokens": "required",
                "instance_metadata_tags": "disabled"
              }
            ],
            "monitoring": false,
            "network_interface": [],
            "outpost_arn": "",
            "password_data": "",
            "placement_group": "",
            "placement_group_id": "",
            "placement_partition_number": 0,
            "primary_network_interface": [
              {
                "delete_on_termination": true,
                "network_interface_id": "eni-09d7452aa00326191"
              }
            ],
            "primary_network_interface_id": "eni-09d7452aa00326191",
            "private_dns": "ip-10-0-1-209.ec2.internal",
            "private_dns_name_options": [
              {
                "enable_resource_name_dns_a_record": false,
                "enable_resource_name_dns_aaaa_record": false,
                "hostname_type": "ip-name"
              }
            ],
            "private_ip": "10.0.1.209",
            "public_dns": "",
            "public_ip": "100.58.240.109",
            "region": "us-east-1",
            "root_block_device": [
              {
                "delete_on_termination": true,
                "device_name": "/dev/xvda",
                "encrypted": false,
                "iops": 3000,
                "kms_key_id": "",
                "tags": null,
                "tags_all": {},
                "throughput": 125,
                "volume_id": "vol-058df8ec70b225785",
                "volume_size": 30,
                "volume_type": "gp3"
              }
            ],
            "secondary_network_interface": [],
            "secondary_private_ips": [],
            "security_groups": [],
            "source_dest_check": true,
            "spot_instance_request_id": "",
            "subnet_id": "subnet-03b850a33ce757ef3",
            "tags": {
              "Name": "k8s-worker02",
              "Role": "k8s_workers"
            },
            "tags_all": {
              "Name": "k8s-worker02",
              "Role": "k8s_workers"
            },
            "tenancy": "default",
            "timeouts": null,
            "user_data": "#!/bin/bash\nset -euxo pipefail\n\n# Update packages\ndnf update -y\n\n# Install Python 3 and pip\ndnf install -y python3 python3-pip\n\n# Verify installation\npython3 --version\npip3 --version",
            "user_data_base64": null,
            "user_data_replace_on_change": false,
            "volume_tags": null,
            "vpc_security_group_ids": [
              "sg-05faea55286de33f0"
            ]
          },
          "sensitive_attributes": [],
          "identity_schema_version": 0,
          "identity": {
            "account_id": "565898898567",
            "id": "i-031325df33f111277",
            "region": "us-east-1"
          },
          "private": "eyJlMmJmYjczMC1lY2FhLTExZTYtOGY4OC0zNDM2M2JjN2M0YzAiOnsiY3JlYXRlIjo2MDAwMDAwMDAwMDAsImRlbGV0ZSI6MTIwMDAwMDAwMDAwMCwicmVhZCI6OTAwMDAwMDAwMDAwLCJ1cGRhdGUiOjYwMDAwMDAwMDAwMH0sInNjaGVtYV92ZXJzaW9uIjoiMiJ9",
          "dependencies": [
            "aws_key_pair.public_key_pair",
            "data.aws_ami.amazon_linux",
            "module.security_group.aws_security_group.this",
            "module.subnet.aws_subnet.this",
            "module.vpc.aws_vpc.this",
            "tls_private_key.rsa_private_key"
          ]
        }
      ]
    },
    {
      "module": "module.route_table",
      "mode": "managed",
      "type": "aws_route_table",
      "name": "this",
      "provider": "provider[\"registry.terraform.io/hashicorp/aws\"]",
      "instances": [
        {
          "schema_version": 0,
          "attributes": {
            "arn": "arn:aws:ec2:us-east-1:565898898567:route-table/rtb-048fca66c467af349",
            "id": "rtb-048fca66c467af349",
            "owner_id": "565898898567",
            "propagating_vgws": [],
            "region": "us-east-1",
            "route": [
              {
                "carrier_gateway_id": "",
                "cidr_block": "0.0.0.0/0",
                "core_network_arn": "",
                "destination_prefix_list_id": "",
                "egress_only_gateway_id": "",
                "gateway_id": "igw-08f04ac88c2bfc2c9",
                "ipv6_cidr_block": "",
                "local_gateway_id": "",
                "nat_gateway_id": "",
                "network_interface_id": "",
                "odb_network_arn": "",
                "transit_gateway_id": "",
                "vpc_endpoint_id": "",
                "vpc_peering_connection_id": ""
              }
            ],
            "tags": {
              "Name": "route-table"
            },
            "tags_all": {
              "Name": "route-table"
            },
            "timeouts": null,
            "vpc_id": "vpc-0b65138d03ef12ee3"
          },
          "sensitive_attributes": [],
          "identity_schema_version": 0,
          "identity": {
            "account_id": "565898898567",
            "id": "rtb-048fca66c467af349",
            "region": "us-east-1"
          },
          "private": "eyJlMmJmYjczMC1lY2FhLTExZTYtOGY4OC0zNDM2M2JjN2M0YzAiOnsiY3JlYXRlIjozMDAwMDAwMDAwMDAsImRlbGV0ZSI6MzAwMDAwMDAwMDAwLCJ1cGRhdGUiOjEyMDAwMDAwMDAwMH19",
          "dependencies": [
            "module.igw.aws_internet_gateway.this",
            "module.vpc.aws_vpc.this"
          ]
        }
      ]
    },
    {
      "module": "module.route_table",
      "mode": "managed",
      "type": "aws_route_table_association",
      "name": "this",
      "provider": "provider[\"registry.terraform.io/hashicorp/aws\"]",
      "instances": [
        {
          "schema_version": 0,
          "attributes": {
            "gateway_id": "",
            "id": "rtbassoc-07bfc15eca0dba3d0",
            "region": "us-east-1",
            "route_table_id": "rtb-048fca66c467af349",
            "subnet_id": "subnet-03b850a33ce757ef3",
            "timeouts": null
          },
          "sensitive_attributes": [],
          "identity_schema_version": 0,
          "identity": {
            "account_id": "565898898567",
            "id": "rtbassoc-07bfc15eca0dba3d0",
            "region": "us-east-1"
          },
          "private": "eyJlMmJmYjczMC1lY2FhLTExZTYtOGY4OC0zNDM2M2JjN2M0YzAiOnsiY3JlYXRlIjozMDAwMDAwMDAwMDAsImRlbGV0ZSI6MzAwMDAwMDAwMDAwLCJ1cGRhdGUiOjEyMDAwMDAwMDAwMH19",
          "dependencies": [
            "module.igw.aws_internet_gateway.this",
            "module.route_table.aws_route_table.this",
            "module.subnet.aws_subnet.this",
            "module.vpc.aws_vpc.this"
          ]
        }
      ]
    },
    {
      "module": "module.security_group",
      "mode": "managed",
      "type": "aws_security_group",
      "name": "this",
      "provider": "provider[\"registry.terraform.io/hashicorp/aws\"]",
      "instances": [
        {
          "schema_version": 1,
          "attributes": {
            "arn": "arn:aws:ec2:us-east-1:565898898567:security-group/sg-05faea55286de33f0",
            "description": "Allow SSH and HTTP traffic",
            "egress": [
              {
                "cidr_blocks": [
                  "0.0.0.0/0"
                ],
                "description": "",
                "from_port": 0,
                "ipv6_cidr_blocks": [],
                "prefix_list_ids": [],
                "protocol": "-1",
                "security_groups": [],
                "self": false,
                "to_port": 0
              }
            ],
            "id": "sg-05faea55286de33f0",
            "ingress": [
              {
                "cidr_blocks": [
                  "0.0.0.0/0"
                ],
                "description": "",
                "from_port": 22,
                "ipv6_cidr_blocks": [],
                "prefix_list_ids": [],
                "protocol": "tcp",
                "security_groups": [],
                "self": false,
                "to_port": 22
              },
              {
                "cidr_blocks": [
                  "0.0.0.0/0"
                ],
                "description": "",
                "from_port": 30000,
                "ipv6_cidr_blocks": [],
                "prefix_list_ids": [],
                "protocol": "tcp",
                "security_groups": [],
                "self": false,
                "to_port": 32767
              },
              {
                "cidr_blocks": [
                  "0.0.0.0/0"
                ],
                "description": "",
                "from_port": 80,
                "ipv6_cidr_blocks": [],
                "prefix_list_ids": [],
                "protocol": "tcp",
                "security_groups": [],
                "self": false,
                "to_port": 80
              },
              {
                "cidr_blocks": [
                  "0.0.0.0/0"
                ],
                "description": "",
                "from_port": 9000,
                "ipv6_cidr_blocks": [],
                "prefix_list_ids": [],
                "protocol": "tcp",
                "security_groups": [],
                "self": false,
                "to_port": 9000
              },
              {
                "cidr_blocks": [
                  "0.0.0.0/0"
                ],
                "description": "",
                "from_port": 9100,
                "ipv6_cidr_blocks": [],
                "prefix_list_ids": [],
                "protocol": "tcp",
                "security_groups": [],
                "self": false,
                "to_port": 9100
              },
              {
                "cidr_blocks": [
                  "10.0.0.0/16"
                ],
                "description": "Allow ALL internal traffic from VPC",
                "from_port": 0,
                "ipv6_cidr_blocks": [],
                "prefix_list_ids": [],
                "protocol": "-1",
                "security_groups": [],
                "self": false,
                "to_port": 0
              }
            ],
            "name": "security-group",
            "name_prefix": "",
            "owner_id": "565898898567",
            "region": "us-east-1",
            "revoke_rules_on_delete": false,
            "tags": {
              "Name": "security-group"
            },
            "tags_all": {
              "Name": "security-group"
            },
            "timeouts": null,
            "vpc_id": "vpc-0b65138d03ef12ee3"
          },
          "sensitive_attributes": [],
          "identity_schema_version": 0,
          "identity": {
            "account_id": "565898898567",
            "id": "sg-05faea55286de33f0",
            "region": "us-east-1"
          },
          "private": "eyJlMmJmYjczMC1lY2FhLTExZTYtOGY4OC0zNDM2M2JjN2M0YzAiOnsiY3JlYXRlIjo2MDAwMDAwMDAwMDAsImRlbGV0ZSI6OTAwMDAwMDAwMDAwfSwic2NoZW1hX3ZlcnNpb24iOiIxIn0=",
          "dependencies": [
            "module.vpc.aws_vpc.this"
          ]
        }
      ]
    },
    {
      "module": "module.sonarqube",
      "mode": "managed",
      "type": "aws_instance",
      "name": "this",
      "provider": "provider[\"registry.terraform.io/hashicorp/aws\"]",
      "instances": [
        {
          "schema_version": 2,
          "attributes": {
            "ami": "ami-04af95eabef94f395",
            "arn": "arn:aws:ec2:us-east-1:565898898567:instance/i-0d8b4a6ba68d2ce91",
            "associate_public_ip_address": true,
            "availability_zone": "us-east-1a",
            "capacity_reservation_specification": [
              {
                "capacity_reservation_preference": "open",
                "capacity_reservation_target": []
              }
            ],
            "cpu_options": [
              {
                "amd_sev_snp": "",
                "core_count": 1,
                "nested_virtualization": "",
                "threads_per_core": 2
              }
            ],
            "credit_specification": [],
            "disable_api_stop": false,
            "disable_api_termination": false,
            "ebs_block_device": [],
            "ebs_optimized": false,
            "enable_primary_ipv6": null,
            "enclave_options": [
              {
                "enabled": false
              }
            ],
            "ephemeral_block_device": [],
            "force_destroy": false,
            "get_password_data": false,
            "hibernation": false,
            "host_id": "",
            "host_resource_group_arn": null,
            "iam_instance_profile": "",
            "id": "i-0d8b4a6ba68d2ce91",
            "instance_initiated_shutdown_behavior": "stop",
            "instance_lifecycle": "",
            "instance_market_options": [],
            "instance_state": "running",
            "instance_type": "c7i-flex.large",
            "ipv6_address_count": 0,
            "ipv6_addresses": [],
            "key_name": "public_key_pair",
            "launch_template": [],
            "maintenance_options": [
              {
                "auto_recovery": "default"
              }
            ],
            "metadata_options": [
              {
                "http_endpoint": "enabled",
                "http_protocol_ipv6": "disabled",
                "http_put_response_hop_limit": 2,
                "http_tokens": "required",
                "instance_metadata_tags": "disabled"
              }
            ],
            "monitoring": false,
            "network_interface": [],
            "outpost_arn": "",
            "password_data": "",
            "placement_group": "",
            "placement_group_id": "",
            "placement_partition_number": 0,
            "primary_network_interface": [
              {
                "delete_on_termination": true,
                "network_interface_id": "eni-036a4a2631617c694"
              }
            ],
            "primary_network_interface_id": "eni-036a4a2631617c694",
            "private_dns": "ip-10-0-1-92.ec2.internal",
            "private_dns_name_options": [
              {
                "enable_resource_name_dns_a_record": false,
                "enable_resource_name_dns_aaaa_record": false,
                "hostname_type": "ip-name"
              }
            ],
            "private_ip": "10.0.1.92",
            "public_dns": "",
            "public_ip": "34.201.205.190",
            "region": "us-east-1",
            "root_block_device": [
              {
                "delete_on_termination": true,
                "device_name": "/dev/xvda",
                "encrypted": false,
                "iops": 3000,
                "kms_key_id": "",
                "tags": null,
                "tags_all": {},
                "throughput": 125,
                "volume_id": "vol-008c34ecfe2a5a105",
                "volume_size": 30,
                "volume_type": "gp3"
              }
            ],
            "secondary_network_interface": [],
            "secondary_private_ips": [],
            "security_groups": [],
            "source_dest_check": true,
            "spot_instance_request_id": "",
            "subnet_id": "subnet-03b850a33ce757ef3",
            "tags": {
              "Name": "sonarqube",
              "Role": "sonar"
            },
            "tags_all": {
              "Name": "sonarqube",
              "Role": "sonar"
            },
            "tenancy": "default",
            "timeouts": null,
            "user_data": "#!/bin/bash\nset -euxo pipefail\n\n# Update packages\ndnf update -y\n\n# Install Python 3 and pip\ndnf install -y python3 python3-pip\n\n# Verify installation\npython3 --version\npip3 --version",
            "user_data_base64": null,
            "user_data_replace_on_change": false,
            "volume_tags": null,
            "vpc_security_group_ids": [
              "sg-05faea55286de33f0"
            ]
          },
          "sensitive_attributes": [],
          "identity_schema_version": 0,
          "identity": {
            "account_id": "565898898567",
            "id": "i-0d8b4a6ba68d2ce91",
            "region": "us-east-1"
          },
          "private": "eyJlMmJmYjczMC1lY2FhLTExZTYtOGY4OC0zNDM2M2JjN2M0YzAiOnsiY3JlYXRlIjo2MDAwMDAwMDAwMDAsImRlbGV0ZSI6MTIwMDAwMDAwMDAwMCwicmVhZCI6OTAwMDAwMDAwMDAwLCJ1cGRhdGUiOjYwMDAwMDAwMDAwMH0sInNjaGVtYV92ZXJzaW9uIjoiMiJ9",
          "dependencies": [
            "aws_key_pair.public_key_pair",
            "data.aws_ami.amazon_linux",
            "module.security_group.aws_security_group.this",
            "module.subnet.aws_subnet.this",
            "module.vpc.aws_vpc.this",
            "tls_private_key.rsa_private_key"
          ]
        }
      ]
    },
    {
      "module": "module.subnet",
      "mode": "managed",
      "type": "aws_subnet",
      "name": "this",
      "provider": "provider[\"registry.terraform.io/hashicorp/aws\"]",
      "instances": [
        {
          "schema_version": 1,
          "attributes": {
            "arn": "arn:aws:ec2:us-east-1:565898898567:subnet/subnet-03b850a33ce757ef3",
            "assign_ipv6_address_on_creation": false,
            "availability_zone": "us-east-1a",
            "availability_zone_id": "use1-az1",
            "cidr_block": "10.0.1.0/24",
            "customer_owned_ipv4_pool": "",
            "enable_dns64": false,
            "enable_lni_at_device_index": 0,
            "enable_resource_name_dns_a_record_on_launch": false,
            "enable_resource_name_dns_aaaa_record_on_launch": false,
            "id": "subnet-03b850a33ce757ef3",
            "ipv4_ipam_pool_id": null,
            "ipv4_netmask_length": null,
            "ipv6_cidr_block": "",
            "ipv6_cidr_block_association_id": "",
            "ipv6_ipam_pool_id": null,
            "ipv6_native": false,
            "ipv6_netmask_length": null,
            "map_customer_owned_ip_on_launch": false,
            "map_public_ip_on_launch": true,
            "outpost_arn": "",
            "owner_id": "565898898567",
            "private_dns_hostname_type_on_launch": "ip-name",
            "region": "us-east-1",
            "tags": {
              "Name": "subnet"
            },
            "tags_all": {
              "Name": "subnet"
            },
            "timeouts": null,
            "vpc_id": "vpc-0b65138d03ef12ee3"
          },
          "sensitive_attributes": [],
          "identity_schema_version": 0,
          "identity": {
            "account_id": "565898898567",
            "id": "subnet-03b850a33ce757ef3",
            "region": "us-east-1"
          },
          "private": "eyJlMmJmYjczMC1lY2FhLTExZTYtOGY4OC0zNDM2M2JjN2M0YzAiOnsiY3JlYXRlIjo2MDAwMDAwMDAwMDAsImRlbGV0ZSI6MTIwMDAwMDAwMDAwMH0sInNjaGVtYV92ZXJzaW9uIjoiMSJ9",
          "dependencies": [
            "module.vpc.aws_vpc.this"
          ]
        }
      ]
    },
    {
      "module": "module.vpc",
      "mode": "managed",
      "type": "aws_vpc",
      "name": "this",
      "provider": "provider[\"registry.terraform.io/hashicorp/aws\"]",
      "instances": [
        {
          "schema_version": 1,
          "attributes": {
            "arn": "arn:aws:ec2:us-east-1:565898898567:vpc/vpc-0b65138d03ef12ee3",
            "assign_generated_ipv6_cidr_block": false,
            "cidr_block": "10.0.0.0/16",
            "default_network_acl_id": "acl-08804ee436f2d8e02",
            "default_route_table_id": "rtb-0c51d70a86eee7caa",
            "default_security_group_id": "sg-06ceb3742707777a0",
            "dhcp_options_id": "dopt-01c56d419db750536",
            "enable_dns_hostnames": false,
            "enable_dns_support": true,
            "enable_network_address_usage_metrics": false,
            "id": "vpc-0b65138d03ef12ee3",
            "instance_tenancy": "default",
            "ipv4_ipam_pool_id": null,
            "ipv4_netmask_length": null,
            "ipv6_association_id": "",
            "ipv6_cidr_block": "",
            "ipv6_cidr_block_network_border_group": "",
            "ipv6_ipam_pool_id": "",
            "ipv6_netmask_length": 0,
            "main_route_table_id": "rtb-0c51d70a86eee7caa",
            "owner_id": "565898898567",
            "region": "us-east-1",
            "tags": {
              "Name": "vpc"
            },
            "tags_all": {
              "Name": "vpc"
            }
          },
          "sensitive_attributes": [],
          "identity_schema_version": 0,
          "identity": {
            "account_id": "565898898567",
            "id": "vpc-0b65138d03ef12ee3",
            "region": "us-east-1"
          },
          "private": "eyJzY2hlbWFfdmVyc2lvbiI6IjEifQ=="
        }
      ]
    }
  ],
  "check_results": null
}
